{
  "pins" : [
    {
      "identity" : "cryptoswift",
      "kind" : "remoteSourceControl",
      "location" : "https://github.com/krzyzanowskim/CryptoSwift.git",
      "state" : {
        "revision" : "32f641cf24fc7abc1c591a2025e9f2f572648b0f",
        "version" : "1.7.2"
      }
    },
    {
      "identity" : "exampackage",
      "kind" : "remoteSourceControl",
      "location" : "https://github.com/suhccarg/ExamPackage.git",
      "state" : {
        "branch" : "main",
        "revision" : "b589fd76852dafa9750f44a183075f7140e22395"
      }
    }
  ],
  "version" : 2
}
