// !$*UTF8*$!
{
	archiveVersion = 1;
	classes = {
	};
	objectVersion = 56;
	objects = {

/* Begin PBXBuildFile section */
		D905CDFA2A6A2A280046BED8 /* CustomViewController.swift in Sources */ = {isa = PBXBuildFile; fileRef = D905CDF72A6A2A270046BED8 /* CustomViewController.swift */; };
		D905CDFB2A6A2A280046BED8 /* WebView.swift in Sources */ = {isa = PBXBuildFile; fileRef = D905CDF82A6A2A270046BED8 /* WebView.swift */; };
		D905CDFC2A6A2A280046BED8 /* Button.swift in Sources */ = {isa = PBXBuildFile; fileRef = D905CDF92A6A2A280046BED8 /* Button.swift */; };
		D905CE002A6A50350046BED8 /* Preference.swift in Sources */ = {isa = PBXBuildFile; fileRef = D905CDFF2A6A50350046BED8 /* Preference.swift */; };
		D905CE3C2A6B78BC0046BED8 /* AppRepository.swift in Sources */ = {isa = PBXBuildFile; fileRef = D905CE3B2A6B78BC0046BED8 /* AppRepository.swift */; };
		D91803342A61C1A00038B5A8 /* SceneDelegate.swift in Sources */ = {isa = PBXBuildFile; fileRef = D91803332A61C1A00038B5A8 /* SceneDelegate.swift */; };
		D91803362A61C1A00038B5A8 /* ViewController.swift in Sources */ = {isa = PBXBuildFile; fileRef = D91803352A61C1A00038B5A8 /* ViewController.swift */; };
		D91803392A61C1A00038B5A8 /* Main.storyboard in Resources */ = {isa = PBXBuildFile; fileRef = D91803372A61C1A00038B5A8 /* Main.storyboard */; };
		D918033B2A61C1A30038B5A8 /* Assets.xcassets in Resources */ = {isa = PBXBuildFile; fileRef = D918033A2A61C1A30038B5A8 /* Assets.xcassets */; };
		D918033E2A61C1A30038B5A8 /* LaunchScreen.storyboard in Resources */ = {isa = PBXBuildFile; fileRef = D918033C2A61C1A30038B5A8 /* LaunchScreen.storyboard */; };
		D92219B22A75D583000CC00A /* Device.swift in Sources */ = {isa = PBXBuildFile; fileRef = D92219B12A75D583000CC00A /* Device.swift */; };
		D93F5EA22A6DFAF800E50967 /* README.md in Resources */ = {isa = PBXBuildFile; fileRef = D93F5EA12A6DFAF800E50967 /* README.md */; };
		D93F5EA42A6E101100E50967 /* ExamDemo.db in Resources */ = {isa = PBXBuildFile; fileRef = D93F5EA32A6E101100E50967 /* ExamDemo.db */; };
		D952EAE32A61FF3C001A3F04 /* SettingViewController.swift in Sources */ = {isa = PBXBuildFile; fileRef = D952EACE2A61FF3B001A3F04 /* SettingViewController.swift */; };
		D952EAE52A61FF3C001A3F04 /* ExamViewController.swift in Sources */ = {isa = PBXBuildFile; fileRef = D952EAD02A61FF3B001A3F04 /* ExamViewController.swift */; };
		D952EAE62A61FF3C001A3F04 /* MessageViewController.swift in Sources */ = {isa = PBXBuildFile; fileRef = D952EAD12A61FF3B001A3F04 /* MessageViewController.swift */; };
		D952EAE82A61FF3C001A3F04 /* MenuViewController.swift in Sources */ = {isa = PBXBuildFile; fileRef = D952EAD32A61FF3B001A3F04 /* MenuViewController.swift */; };
		D952EAF02A61FF3C001A3F04 /* AppDelegate.swift in Sources */ = {isa = PBXBuildFile; fileRef = D952EADC2A61FF3C001A3F04 /* AppDelegate.swift */; };
		D972A9FF2A716D0A00C5361D /* ExamLib in Frameworks */ = {isa = PBXBuildFile; productRef = D972A9FE2A716D0A00C5361D /* ExamLib */; };
/* End PBXBuildFile section */

/* Begin PBXFileReference section */
		D905CDF72A6A2A270046BED8 /* CustomViewController.swift */ = {isa = PBXFileReference; fileEncoding = 4; lastKnownFileType = sourcecode.swift; path = CustomViewController.swift; sourceTree = "<group>"; };
		D905CDF82A6A2A270046BED8 /* WebView.swift */ = {isa = PBXFileReference; fileEncoding = 4; lastKnownFileType = sourcecode.swift; path = WebView.swift; sourceTree = "<group>"; };
		D905CDF92A6A2A280046BED8 /* Button.swift */ = {isa = PBXFileReference; fileEncoding = 4; lastKnownFileType = sourcecode.swift; path = Button.swift; sourceTree = "<group>"; };
		D905CDFF2A6A50350046BED8 /* Preference.swift */ = {isa = PBXFileReference; lastKnownFileType = sourcecode.swift; path = Preference.swift; sourceTree = "<group>"; };
		D905CE3B2A6B78BC0046BED8 /* AppRepository.swift */ = {isa = PBXFileReference; lastKnownFileType = sourcecode.swift; path = AppRepository.swift; sourceTree = "<group>"; };
		D918032E2A61C1A00038B5A8 /* ExamDemo.app */ = {isa = PBXFileReference; explicitFileType = wrapper.application; includeInIndex = 0; path = ExamDemo.app; sourceTree = BUILT_PRODUCTS_DIR; };
		D91803332A61C1A00038B5A8 /* SceneDelegate.swift */ = {isa = PBXFileReference; lastKnownFileType = sourcecode.swift; path = SceneDelegate.swift; sourceTree = "<group>"; };
		D91803352A61C1A00038B5A8 /* ViewController.swift */ = {isa = PBXFileReference; lastKnownFileType = sourcecode.swift; path = ViewController.swift; sourceTree = "<group>"; };
		D91803382A61C1A00038B5A8 /* Base */ = {isa = PBXFileReference; lastKnownFileType = file.storyboard; name = Base; path = Base.lproj/Main.storyboard; sourceTree = "<group>"; };
		D918033A2A61C1A30038B5A8 /* Assets.xcassets */ = {isa = PBXFileReference; lastKnownFileType = folder.assetcatalog; path = Assets.xcassets; sourceTree = "<group>"; };
		D918033D2A61C1A30038B5A8 /* Base */ = {isa = PBXFileReference; lastKnownFileType = file.storyboard; name = Base; path = Base.lproj/LaunchScreen.storyboard; sourceTree = "<group>"; };
		D918033F2A61C1A30038B5A8 /* Info.plist */ = {isa = PBXFileReference; lastKnownFileType = text.plist.xml; path = Info.plist; sourceTree = "<group>"; };
		D92219B12A75D583000CC00A /* Device.swift */ = {isa = PBXFileReference; fileEncoding = 4; lastKnownFileType = sourcecode.swift; path = Device.swift; sourceTree = "<group>"; };
		D93F5EA12A6DFAF800E50967 /* README.md */ = {isa = PBXFileReference; fileEncoding = 4; lastKnownFileType = net.daringfireball.markdown; path = README.md; sourceTree = SOURCE_ROOT; };
		D93F5EA32A6E101100E50967 /* ExamDemo.db */ = {isa = PBXFileReference; lastKnownFileType = file; path = ExamDemo.db; sourceTree = SOURCE_ROOT; };
		D93F5EA62A6E105B00E50967 /* SDK5-QPSK_16QAM-K.png */ = {isa = PBXFileReference; lastKnownFileType = image.png; path = "SDK5-QPSK_16QAM-K.png"; sourceTree = "<group>"; };
		D93F5EA72A6E105B00E50967 /* SDK8-IPsec_Mode-A.png */ = {isa = PBXFileReference; lastKnownFileType = image.png; path = "SDK8-IPsec_Mode-A.png"; sourceTree = "<group>"; };
		D93F5EA82A6E105B00E50967 /* SDK5-ShiftedPSK-K.png */ = {isa = PBXFileReference; lastKnownFileType = image.png; path = "SDK5-ShiftedPSK-K.png"; sourceTree = "<group>"; };
		D93F5EA92A6E105B00E50967 /* SDK3-Cloud_ServiceType-A.png */ = {isa = PBXFileReference; lastKnownFileType = image.png; path = "SDK3-Cloud_ServiceType-A.png"; sourceTree = "<group>"; };
		D93F5EAA2A6E105B00E50967 /* SDK1-Histogram-A.png */ = {isa = PBXFileReference; lastKnownFileType = image.png; path = "SDK1-Histogram-A.png"; sourceTree = "<group>"; };
		D93F5EAB2A6E105B00E50967 /* SDK5-Bunsan-K.png */ = {isa = PBXFileReference; lastKnownFileType = image.png; path = "SDK5-Bunsan-K.png"; sourceTree = "<group>"; };
		D93F5EAC2A6E105B00E50967 /* SDK7-SDN_Separate-A.png */ = {isa = PBXFileReference; lastKnownFileType = image.png; path = "SDK7-SDN_Separate-A.png"; sourceTree = "<group>"; };
		D93F5EAD2A6E105B00E50967 /* SDK7-SDN_HopByHop_Overlay-K.png */ = {isa = PBXFileReference; lastKnownFileType = image.png; path = "SDK7-SDN_HopByHop_Overlay-K.png"; sourceTree = "<group>"; };
		D93F5EAE2A6E105B00E50967 /* SDK7-EthernetFrame_FCS_EColor-A.png */ = {isa = PBXFileReference; lastKnownFileType = image.png; path = "SDK7-EthernetFrame_FCS_EColor-A.png"; sourceTree = "<group>"; };
		D93F5EAF2A6E105B00E50967 /* SDK5-QPSK-A.png */ = {isa = PBXFileReference; lastKnownFileType = image.png; path = "SDK5-QPSK-A.png"; sourceTree = "<group>"; };
		D93F5EB02A6E105B00E50967 /* SDK5Q-BipolerNRZ-A.png */ = {isa = PBXFileReference; lastKnownFileType = image.png; path = "SDK5Q-BipolerNRZ-A.png"; sourceTree = "<group>"; };
		D93F5EB12A6E105B00E50967 /* SDK7-GbE-K.png */ = {isa = PBXFileReference; lastKnownFileType = image.png; path = "SDK7-GbE-K.png"; sourceTree = "<group>"; };
		D93F5EB22A6E105B00E50967 /* SDK7-ROADM-A.png */ = {isa = PBXFileReference; lastKnownFileType = image.png; path = "SDK7-ROADM-A.png"; sourceTree = "<group>"; };
		D93F5EB32A6E105B00E50967 /* SDKb_DenAtasu-A.png */ = {isa = PBXFileReference; lastKnownFileType = image.png; path = "SDKb_DenAtasu-A.png"; sourceTree = "<group>"; };
		D93F5EB42A6E105B00E50967 /* SDK1-ShasenShiki-A.png */ = {isa = PBXFileReference; lastKnownFileType = image.png; path = "SDK1-ShasenShiki-A.png"; sourceTree = "<group>"; };
		D93F5EB52A6E105B00E50967 /* SDK1-Pareto-K.png */ = {isa = PBXFileReference; lastKnownFileType = image.png; path = "SDK1-Pareto-K.png"; sourceTree = "<group>"; };
		D93F5EB62A6E105B00E50967 /* SDK1_ControlChart-A.png */ = {isa = PBXFileReference; lastKnownFileType = image.png; path = "SDK1_ControlChart-A.png"; sourceTree = "<group>"; };
		D93F5EB72A6E105B00E50967 /* SDKb_PWM_inverter-A.png */ = {isa = PBXFileReference; lastKnownFileType = image.png; path = "SDKb_PWM_inverter-A.png"; sourceTree = "<group>"; };
		D93F5EB82A6E105B00E50967 /* SDK2-FMEA_FTA-A.png */ = {isa = PBXFileReference; lastKnownFileType = image.png; path = "SDK2-FMEA_FTA-A.png"; sourceTree = "<group>"; };
		D93F5EB92A6E105B00E50967 /* SDK8-IPv6_Tunneling-A.png */ = {isa = PBXFileReference; lastKnownFileType = image.png; path = "SDK8-IPv6_Tunneling-A.png"; sourceTree = "<group>"; };
		D93F5EBA2A6E105B00E50967 /* SDK2-Jouchou-A.png */ = {isa = PBXFileReference; lastKnownFileType = image.png; path = "SDK2-Jouchou-A.png"; sourceTree = "<group>"; };
		D93F5EBB2A6E105B00E50967 /* SDK7-CAS-A.png */ = {isa = PBXFileReference; lastKnownFileType = image.png; path = "SDK7-CAS-A.png"; sourceTree = "<group>"; };
		D93F5EBC2A6E105B00E50967 /* SDK4-HornAnntena-A.png */ = {isa = PBXFileReference; lastKnownFileType = image.png; path = "SDK4-HornAnntena-A.png"; sourceTree = "<group>"; };
		D93F5EBD2A6E105B00E50967 /* SDK8-3WayHandShake-A.png */ = {isa = PBXFileReference; lastKnownFileType = image.png; path = "SDK8-3WayHandShake-A.png"; sourceTree = "<group>"; };
		D93F5EBE2A6E105B00E50967 /* SDK1_ETA-K.png */ = {isa = PBXFileReference; lastKnownFileType = image.png; path = "SDK1_ETA-K.png"; sourceTree = "<group>"; };
		D93F5EBF2A6E105B00E50967 /* SDK7-SDN_Overlay_HopByHop-A.png */ = {isa = PBXFileReference; lastKnownFileType = image.png; path = "SDK7-SDN_Overlay_HopByHop-A.png"; sourceTree = "<group>"; };
		D93F5EC02A6E105B00E50967 /* SDK1-BarChart_GanttChart-K.png */ = {isa = PBXFileReference; lastKnownFileType = image.png; path = "SDK1-BarChart_GanttChart-K.png"; sourceTree = "<group>"; };
		D93F5EC12A6E105B00E50967 /* SDK7-SDN_Layer-K.png */ = {isa = PBXFileReference; lastKnownFileType = image.png; path = "SDK7-SDN_Layer-K.png"; sourceTree = "<group>"; };
		D93F5EC22A6E105B00E50967 /* SDK5_B6ZS-K.png */ = {isa = PBXFileReference; lastKnownFileType = image.png; path = "SDK5_B6ZS-K.png"; sourceTree = "<group>"; };
		D93F5EC32A6E105B00E50967 /* SDK5-AMI-K.png */ = {isa = PBXFileReference; lastKnownFileType = image.png; path = "SDK5-AMI-K.png"; sourceTree = "<group>"; };
		D93F5EC42A6E105B00E50967 /* SDK5-RZ_NRZ-A.png */ = {isa = PBXFileReference; lastKnownFileType = image.png; path = "SDK5-RZ_NRZ-A.png"; sourceTree = "<group>"; };
		D93F5EC52A6E105B00E50967 /* SDKb_HenAtsuKi-K.png */ = {isa = PBXFileReference; lastKnownFileType = image.png; path = "SDKb_HenAtsuKi-K.png"; sourceTree = "<group>"; };
		D93F5EC62A6E105B00E50967 /* SDK7-EthernetFrame-A.png */ = {isa = PBXFileReference; lastKnownFileType = image.png; path = "SDK7-EthernetFrame-A.png"; sourceTree = "<group>"; };
		D93F5EC72A6E105B00E50967 /* SDKb-SecchiKouji-K.png */ = {isa = PBXFileReference; lastKnownFileType = image.png; path = "SDKb-SecchiKouji-K.png"; sourceTree = "<group>"; };
		D93F5EC82A6E105B00E50967 /* SDK1_KoukiKensetsuHi_Kyokusen-K.png */ = {isa = PBXFileReference; lastKnownFileType = image.png; path = "SDK1_KoukiKensetsuHi_Kyokusen-K.png"; sourceTree = "<group>"; };
		D93F5EC92A6E105B00E50967 /* SDK5-EyePattern-A.png */ = {isa = PBXFileReference; lastKnownFileType = image.png; path = "SDK5-EyePattern-A.png"; sourceTree = "<group>"; };
		D93F5ECA2A6E105B00E50967 /* SDK1_SonEkiBunkiTen-A.png */ = {isa = PBXFileReference; lastKnownFileType = image.png; path = "SDK1_SonEkiBunkiTen-A.png"; sourceTree = "<group>"; };
		D93F5ECB2A6E105B00E50967 /* SDKb_SeiryuuHikaku-A.png */ = {isa = PBXFileReference; lastKnownFileType = image.png; path = "SDKb_SeiryuuHikaku-A.png"; sourceTree = "<group>"; };
		D93F5ECC2A6E105B00E50967 /* SDK7-10GbE-A.png */ = {isa = PBXFileReference; lastKnownFileType = image.png; path = "SDK7-10GbE-A.png"; sourceTree = "<group>"; };
		D93F5ECD2A6E105B00E50967 /* SDK5-Shaping_Policing-K.png */ = {isa = PBXFileReference; lastKnownFileType = image.png; path = "SDK5-Shaping_Policing-K.png"; sourceTree = "<group>"; };
		D93F5ECE2A6E105B00E50967 /* SDK5_B6ZS-A.png */ = {isa = PBXFileReference; lastKnownFileType = image.png; path = "SDK5_B6ZS-A.png"; sourceTree = "<group>"; };
		D93F5ECF2A6E105B00E50967 /* SDK5-AMI-A.png */ = {isa = PBXFileReference; lastKnownFileType = image.png; path = "SDK5-AMI-A.png"; sourceTree = "<group>"; };
		D93F5ED02A6E105B00E50967 /* SDK5-RZ_NRZ-K.png */ = {isa = PBXFileReference; lastKnownFileType = image.png; path = "SDK5-RZ_NRZ-K.png"; sourceTree = "<group>"; };
		D93F5ED12A6E105B00E50967 /* SDK8-3WayHandShake-K.png */ = {isa = PBXFileReference; lastKnownFileType = image.png; path = "SDK8-3WayHandShake-K.png"; sourceTree = "<group>"; };
		D93F5ED22A6E105B00E50967 /* SDK4-HornAnntena-K.png */ = {isa = PBXFileReference; lastKnownFileType = image.png; path = "SDK4-HornAnntena-K.png"; sourceTree = "<group>"; };
		D93F5ED32A6E105B00E50967 /* SDK1_ETA-A.png */ = {isa = PBXFileReference; lastKnownFileType = image.png; path = "SDK1_ETA-A.png"; sourceTree = "<group>"; };
		D93F5ED42A6E105B00E50967 /* SDK7-SDN_Overlay_HopByHop-K.png */ = {isa = PBXFileReference; lastKnownFileType = image.png; path = "SDK7-SDN_Overlay_HopByHop-K.png"; sourceTree = "<group>"; };
		D93F5ED52A6E105B00E50967 /* SDK1-BarChart_GanttChart-A.png */ = {isa = PBXFileReference; lastKnownFileType = image.png; path = "SDK1-BarChart_GanttChart-A.png"; sourceTree = "<group>"; };
		D93F5ED62A6E105B00E50967 /* SDK7-SDN_Layer-A.png */ = {isa = PBXFileReference; lastKnownFileType = image.png; path = "SDK7-SDN_Layer-A.png"; sourceTree = "<group>"; };
		D93F5ED72A6E105B00E50967 /* SDKb_SeiryuuHikaku-K.png */ = {isa = PBXFileReference; lastKnownFileType = image.png; path = "SDKb_SeiryuuHikaku-K.png"; sourceTree = "<group>"; };
		D93F5ED82A6E105B00E50967 /* SDK7-10GbE-K.png */ = {isa = PBXFileReference; lastKnownFileType = image.png; path = "SDK7-10GbE-K.png"; sourceTree = "<group>"; };
		D93F5ED92A6E105B00E50967 /* SDK5-Shaping_Policing-A.png */ = {isa = PBXFileReference; lastKnownFileType = image.png; path = "SDK5-Shaping_Policing-A.png"; sourceTree = "<group>"; };
		D93F5EDA2A6E105B00E50967 /* SDKb_HenAtsuKi-A.png */ = {isa = PBXFileReference; lastKnownFileType = image.png; path = "SDKb_HenAtsuKi-A.png"; sourceTree = "<group>"; };
		D93F5EDB2A6E105B00E50967 /* SDKb-SecchiKouji-A.png */ = {isa = PBXFileReference; lastKnownFileType = image.png; path = "SDKb-SecchiKouji-A.png"; sourceTree = "<group>"; };
		D93F5EDC2A6E105B00E50967 /* SDK7-EthernetFrame-K.png */ = {isa = PBXFileReference; lastKnownFileType = image.png; path = "SDK7-EthernetFrame-K.png"; sourceTree = "<group>"; };
		D93F5EDD2A6E105B00E50967 /* SDK1_KoukiKensetsuHi_Kyokusen-A.png */ = {isa = PBXFileReference; lastKnownFileType = image.png; path = "SDK1_KoukiKensetsuHi_Kyokusen-A.png"; sourceTree = "<group>"; };
		D93F5EDE2A6E105B00E50967 /* SDK5-EyePattern-K.png */ = {isa = PBXFileReference; lastKnownFileType = image.png; path = "SDK5-EyePattern-K.png"; sourceTree = "<group>"; };
		D93F5EDF2A6E105B00E50967 /* SDK1_SonEkiBunkiTen-K.png */ = {isa = PBXFileReference; lastKnownFileType = image.png; path = "SDK1_SonEkiBunkiTen-K.png"; sourceTree = "<group>"; };
		D93F5EE02A6E105B00E50967 /* SDK7-SDN_Separate-K.png */ = {isa = PBXFileReference; lastKnownFileType = image.png; path = "SDK7-SDN_Separate-K.png"; sourceTree = "<group>"; };
		D93F5EE12A6E105B00E50967 /* SDK7-SDN_HopByHop_Overlay-A.png */ = {isa = PBXFileReference; lastKnownFileType = image.png; path = "SDK7-SDN_HopByHop_Overlay-A.png"; sourceTree = "<group>"; };
		D93F5EE22A6E105B00E50967 /* SDK7-EthernetFrame_FCS_EColor-K.png */ = {isa = PBXFileReference; lastKnownFileType = image.png; path = "SDK7-EthernetFrame_FCS_EColor-K.png"; sourceTree = "<group>"; };
		D93F5EE32A6E105B00E50967 /* SDK8-IPsec_Mode-K.png */ = {isa = PBXFileReference; lastKnownFileType = image.png; path = "SDK8-IPsec_Mode-K.png"; sourceTree = "<group>"; };
		D93F5EE42A6E105B00E50967 /* SDK5-QPSK_16QAM-A.png */ = {isa = PBXFileReference; lastKnownFileType = image.png; path = "SDK5-QPSK_16QAM-A.png"; sourceTree = "<group>"; };
		D93F5EE52A6E105B00E50967 /* SDK5-ShiftedPSK-A.png */ = {isa = PBXFileReference; lastKnownFileType = image.png; path = "SDK5-ShiftedPSK-A.png"; sourceTree = "<group>"; };
		D93F5EE62A6E105B00E50967 /* SDK3-Cloud_ServiceType-K.png */ = {isa = PBXFileReference; lastKnownFileType = image.png; path = "SDK3-Cloud_ServiceType-K.png"; sourceTree = "<group>"; };
		D93F5EE72A6E105B00E50967 /* SDK1-Histogram-K.png */ = {isa = PBXFileReference; lastKnownFileType = image.png; path = "SDK1-Histogram-K.png"; sourceTree = "<group>"; };
		D93F5EE82A6E105B00E50967 /* SDK5-Bunsan-A.png */ = {isa = PBXFileReference; lastKnownFileType = image.png; path = "SDK5-Bunsan-A.png"; sourceTree = "<group>"; };
		D93F5EE92A6E105B00E50967 /* SDK8-IPv6_Tunneling-K.png */ = {isa = PBXFileReference; lastKnownFileType = image.png; path = "SDK8-IPv6_Tunneling-K.png"; sourceTree = "<group>"; };
		D93F5EEA2A6E105B00E50967 /* SDK2-Jouchou-K.png */ = {isa = PBXFileReference; lastKnownFileType = image.png; path = "SDK2-Jouchou-K.png"; sourceTree = "<group>"; };
		D93F5EEB2A6E105B00E50967 /* SDK7-CAS-K.png */ = {isa = PBXFileReference; lastKnownFileType = image.png; path = "SDK7-CAS-K.png"; sourceTree = "<group>"; };
		D93F5EEC2A6E105B00E50967 /* SDK5-QPSK-K.png */ = {isa = PBXFileReference; lastKnownFileType = image.png; path = "SDK5-QPSK-K.png"; sourceTree = "<group>"; };
		D93F5EED2A6E105B00E50967 /* SDK5Q-BipolerNRZ-K.png */ = {isa = PBXFileReference; lastKnownFileType = image.png; path = "SDK5Q-BipolerNRZ-K.png"; sourceTree = "<group>"; };
		D93F5EEE2A6E105B00E50967 /* SDK7-GbE-A.png */ = {isa = PBXFileReference; lastKnownFileType = image.png; path = "SDK7-GbE-A.png"; sourceTree = "<group>"; };
		D93F5EEF2A6E105B00E50967 /* SDK7-ROADM-K.png */ = {isa = PBXFileReference; lastKnownFileType = image.png; path = "SDK7-ROADM-K.png"; sourceTree = "<group>"; };
		D93F5EF02A6E105B00E50967 /* SDKb_DenAtasu-K.png */ = {isa = PBXFileReference; lastKnownFileType = image.png; path = "SDKb_DenAtasu-K.png"; sourceTree = "<group>"; };
		D93F5EF12A6E105B00E50967 /* SDK1-ShasenShiki-K.png */ = {isa = PBXFileReference; lastKnownFileType = image.png; path = "SDK1-ShasenShiki-K.png"; sourceTree = "<group>"; };
		D93F5EF22A6E105B00E50967 /* SDK1-Pareto-A.png */ = {isa = PBXFileReference; lastKnownFileType = image.png; path = "SDK1-Pareto-A.png"; sourceTree = "<group>"; };
		D93F5EF32A6E105B00E50967 /* SDK1_ControlChart-K.png */ = {isa = PBXFileReference; lastKnownFileType = image.png; path = "SDK1_ControlChart-K.png"; sourceTree = "<group>"; };
		D93F5EF42A6E105B00E50967 /* SDKb_PWM_inverter-K.png */ = {isa = PBXFileReference; lastKnownFileType = image.png; path = "SDKb_PWM_inverter-K.png"; sourceTree = "<group>"; };
		D93F5EF52A6E105B00E50967 /* SDK2-FMEA_FTA-K.png */ = {isa = PBXFileReference; lastKnownFileType = image.png; path = "SDK2-FMEA_FTA-K.png"; sourceTree = "<group>"; };
		D93F5F462A6E484300E50967 /* Assets.xcassets */ = {isa = PBXFileReference; lastKnownFileType = folder.assetcatalog; name = Assets.xcassets; path = ExamShugiDenKou/Assets.xcassets; sourceTree = SOURCE_ROOT; };
		D952EACE2A61FF3B001A3F04 /* SettingViewController.swift */ = {isa = PBXFileReference; fileEncoding = 4; lastKnownFileType = sourcecode.swift; path = SettingViewController.swift; sourceTree = "<group>"; };
<<<<<<< HEAD
=======
		D952EAD02A61FF3B001A3F04 /* ExamViewController.swift */ = {isa = PBXFileReference; fileEncoding = 4; lastKnownFileType = sourcecode.swift; path = ExamViewController.swift; sourceTree = "<group>"; };
		D952EAD12A61FF3B001A3F04 /* MessageViewController.swift */ = {isa = PBXFileReference; fileEncoding = 4; lastKnownFileType = sourcecode.swift; path = MessageViewController.swift; sourceTree = "<group>"; };
		D952EAD32A61FF3B001A3F04 /* MenuViewController.swift */ = {isa = PBXFileReference; fileEncoding = 4; lastKnownFileType = sourcecode.swift; path = MenuViewController.swift; sourceTree = "<group>"; };
		D952EADC2A61FF3C001A3F04 /* AppDelegate.swift */ = {isa = PBXFileReference; fileEncoding = 4; lastKnownFileType = sourcecode.swift; path = AppDelegate.swift; sourceTree = "<group>"; };
		D952EAF42A64C068001A3F04 /* MenuViewController.swift */ = {isa = PBXFileReference; fileEncoding = 4; lastKnownFileType = sourcecode.swift; path = MenuViewController.swift; sourceTree = "<group>"; };
		D952EAF52A64C068001A3F04 /* MessageViewController.swift */ = {isa = PBXFileReference; fileEncoding = 4; lastKnownFileType = sourcecode.swift; path = MessageViewController.swift; sourceTree = "<group>"; };
		D952EAF62A64C068001A3F04 /* ExamViewController.swift */ = {isa = PBXFileReference; fileEncoding = 4; lastKnownFileType = sourcecode.swift; path = ExamViewController.swift; sourceTree = "<group>"; };
/* End PBXFileReference section */

/* Begin PBXFrameworksBuildPhase section */
		D918032B2A61C1A00038B5A8 /* Frameworks */ = {
			isa = PBXFrameworksBuildPhase;
			buildActionMask = 2147483647;
			files = (
				D972A9FF2A716D0A00C5361D /* ExamLib in Frameworks */,
			);
			runOnlyForDeploymentPostprocessing = 0;
		};
/* End PBXFrameworksBuildPhase section */

/* Begin PBXGroup section */
		D91803252A61C1A00038B5A8 = {
			isa = PBXGroup;
			children = (
				D91803302A61C1A00038B5A8 /* ExamDemo */,
				D918032F2A61C1A00038B5A8 /* Products */,
			);
			sourceTree = "<group>";
		};
		D918032F2A61C1A00038B5A8 /* Products */ = {
			isa = PBXGroup;
			children = (
				D918032E2A61C1A00038B5A8 /* ExamDemo.app */,
			);
			name = Products;
			sourceTree = "<group>";
		};
		D91803302A61C1A00038B5A8 /* ExamDemo */ = {
			isa = PBXGroup;
			children = (
				D93F5EA52A6E105B00E50967 /* demo */,
				D93F5EA32A6E101100E50967 /* ExamDemo.db */,
				D93F5EA12A6DFAF800E50967 /* README.md */,
				D91803332A61C1A00038B5A8 /* SceneDelegate.swift */,
				D91803352A61C1A00038B5A8 /* ViewController.swift */,
				D91803372A61C1A00038B5A8 /* Main.storyboard */,
				D952EAC42A61FF3B001A3F04 /* src */,
				D918033A2A61C1A30038B5A8 /* Assets.xcassets */,
				D918033C2A61C1A30038B5A8 /* LaunchScreen.storyboard */,
				D918033F2A61C1A30038B5A8 /* Info.plist */,
			);
			path = ExamDemo;
			sourceTree = "<group>";
		};
		D93F5EA52A6E105B00E50967 /* demo */ = {
			isa = PBXGroup;
			children = (
				D93F5F462A6E484300E50967 /* Assets.xcassets */,
				D93F5EA62A6E105B00E50967 /* SDK5-QPSK_16QAM-K.png */,
				D93F5EA72A6E105B00E50967 /* SDK8-IPsec_Mode-A.png */,
				D93F5EA82A6E105B00E50967 /* SDK5-ShiftedPSK-K.png */,
				D93F5EA92A6E105B00E50967 /* SDK3-Cloud_ServiceType-A.png */,
				D93F5EAA2A6E105B00E50967 /* SDK1-Histogram-A.png */,
				D93F5EAB2A6E105B00E50967 /* SDK5-Bunsan-K.png */,
				D93F5EAC2A6E105B00E50967 /* SDK7-SDN_Separate-A.png */,
				D93F5EAD2A6E105B00E50967 /* SDK7-SDN_HopByHop_Overlay-K.png */,
				D93F5EAE2A6E105B00E50967 /* SDK7-EthernetFrame_FCS_EColor-A.png */,
				D93F5EAF2A6E105B00E50967 /* SDK5-QPSK-A.png */,
				D93F5EB02A6E105B00E50967 /* SDK5Q-BipolerNRZ-A.png */,
				D93F5EB12A6E105B00E50967 /* SDK7-GbE-K.png */,
				D93F5EB22A6E105B00E50967 /* SDK7-ROADM-A.png */,
				D93F5EB32A6E105B00E50967 /* SDKb_DenAtasu-A.png */,
				D93F5EB42A6E105B00E50967 /* SDK1-ShasenShiki-A.png */,
				D93F5EB52A6E105B00E50967 /* SDK1-Pareto-K.png */,
				D93F5EB62A6E105B00E50967 /* SDK1_ControlChart-A.png */,
				D93F5EB72A6E105B00E50967 /* SDKb_PWM_inverter-A.png */,
				D93F5EB82A6E105B00E50967 /* SDK2-FMEA_FTA-A.png */,
				D93F5EB92A6E105B00E50967 /* SDK8-IPv6_Tunneling-A.png */,
				D93F5EBA2A6E105B00E50967 /* SDK2-Jouchou-A.png */,
				D93F5EBB2A6E105B00E50967 /* SDK7-CAS-A.png */,
				D93F5EBC2A6E105B00E50967 /* SDK4-HornAnntena-A.png */,
				D93F5EBD2A6E105B00E50967 /* SDK8-3WayHandShake-A.png */,
				D93F5EBE2A6E105B00E50967 /* SDK1_ETA-K.png */,
				D93F5EBF2A6E105B00E50967 /* SDK7-SDN_Overlay_HopByHop-A.png */,
				D93F5EC02A6E105B00E50967 /* SDK1-BarChart_GanttChart-K.png */,
				D93F5EC12A6E105B00E50967 /* SDK7-SDN_Layer-K.png */,
				D93F5EC22A6E105B00E50967 /* SDK5_B6ZS-K.png */,
				D93F5EC32A6E105B00E50967 /* SDK5-AMI-K.png */,
				D93F5EC42A6E105B00E50967 /* SDK5-RZ_NRZ-A.png */,
				D93F5EC52A6E105B00E50967 /* SDKb_HenAtsuKi-K.png */,
				D93F5EC62A6E105B00E50967 /* SDK7-EthernetFrame-A.png */,
				D93F5EC72A6E105B00E50967 /* SDKb-SecchiKouji-K.png */,
				D93F5EC82A6E105B00E50967 /* SDK1_KoukiKensetsuHi_Kyokusen-K.png */,
				D93F5EC92A6E105B00E50967 /* SDK5-EyePattern-A.png */,
				D93F5ECA2A6E105B00E50967 /* SDK1_SonEkiBunkiTen-A.png */,
				D93F5ECB2A6E105B00E50967 /* SDKb_SeiryuuHikaku-A.png */,
				D93F5ECC2A6E105B00E50967 /* SDK7-10GbE-A.png */,
				D93F5ECD2A6E105B00E50967 /* SDK5-Shaping_Policing-K.png */,
				D93F5ECE2A6E105B00E50967 /* SDK5_B6ZS-A.png */,
				D93F5ECF2A6E105B00E50967 /* SDK5-AMI-A.png */,
				D93F5ED02A6E105B00E50967 /* SDK5-RZ_NRZ-K.png */,
				D93F5ED12A6E105B00E50967 /* SDK8-3WayHandShake-K.png */,
				D93F5ED22A6E105B00E50967 /* SDK4-HornAnntena-K.png */,
				D93F5ED32A6E105B00E50967 /* SDK1_ETA-A.png */,
				D93F5ED42A6E105B00E50967 /* SDK7-SDN_Overlay_HopByHop-K.png */,
				D93F5ED52A6E105B00E50967 /* SDK1-BarChart_GanttChart-A.png */,
				D93F5ED62A6E105B00E50967 /* SDK7-SDN_Layer-A.png */,
				D93F5ED72A6E105B00E50967 /* SDKb_SeiryuuHikaku-K.png */,
				D93F5ED82A6E105B00E50967 /* SDK7-10GbE-K.png */,
				D93F5ED92A6E105B00E50967 /* SDK5-Shaping_Policing-A.png */,
				D93F5EDA2A6E105B00E50967 /* SDKb_HenAtsuKi-A.png */,
				D93F5EDB2A6E105B00E50967 /* SDKb-SecchiKouji-A.png */,
				D93F5EDC2A6E105B00E50967 /* SDK7-EthernetFrame-K.png */,
				D93F5EDD2A6E105B00E50967 /* SDK1_KoukiKensetsuHi_Kyokusen-A.png */,
				D93F5EDE2A6E105B00E50967 /* SDK5-EyePattern-K.png */,
				D93F5EDF2A6E105B00E50967 /* SDK1_SonEkiBunkiTen-K.png */,
				D93F5EE02A6E105B00E50967 /* SDK7-SDN_Separate-K.png */,
				D93F5EE12A6E105B00E50967 /* SDK7-SDN_HopByHop_Overlay-A.png */,
				D93F5EE22A6E105B00E50967 /* SDK7-EthernetFrame_FCS_EColor-K.png */,
				D93F5EE32A6E105B00E50967 /* SDK8-IPsec_Mode-K.png */,
				D93F5EE42A6E105B00E50967 /* SDK5-QPSK_16QAM-A.png */,
				D93F5EE52A6E105B00E50967 /* SDK5-ShiftedPSK-A.png */,
				D93F5EE62A6E105B00E50967 /* SDK3-Cloud_ServiceType-K.png */,
				D93F5EE72A6E105B00E50967 /* SDK1-Histogram-K.png */,
				D93F5EE82A6E105B00E50967 /* SDK5-Bunsan-A.png */,
				D93F5EE92A6E105B00E50967 /* SDK8-IPv6_Tunneling-K.png */,
				D93F5EEA2A6E105B00E50967 /* SDK2-Jouchou-K.png */,
				D93F5EEB2A6E105B00E50967 /* SDK7-CAS-K.png */,
				D93F5EEC2A6E105B00E50967 /* SDK5-QPSK-K.png */,
				D93F5EED2A6E105B00E50967 /* SDK5Q-BipolerNRZ-K.png */,
				D93F5EEE2A6E105B00E50967 /* SDK7-GbE-A.png */,
				D93F5EEF2A6E105B00E50967 /* SDK7-ROADM-K.png */,
				D93F5EF02A6E105B00E50967 /* SDKb_DenAtasu-K.png */,
				D93F5EF12A6E105B00E50967 /* SDK1-ShasenShiki-K.png */,
				D93F5EF22A6E105B00E50967 /* SDK1-Pareto-A.png */,
				D93F5EF32A6E105B00E50967 /* SDK1_ControlChart-K.png */,
				D93F5EF42A6E105B00E50967 /* SDKb_PWM_inverter-K.png */,
				D93F5EF52A6E105B00E50967 /* SDK2-FMEA_FTA-K.png */,
			);
			name = demo;
			path = ../demo;
			sourceTree = "<group>";
		};
		D952EAC42A61FF3B001A3F04 /* src */ = {
			isa = PBXGroup;
			children = (
				D952EACD2A61FF3B001A3F04 /* View */,
				D952EADC2A61FF3C001A3F04 /* AppDelegate.swift */,
				D905CDFF2A6A50350046BED8 /* Preference.swift */,
				D905CE3B2A6B78BC0046BED8 /* AppRepository.swift */,
			);
			path = src;
			sourceTree = "<group>";
		};
		D952EACD2A61FF3B001A3F04 /* View */ = {
			isa = PBXGroup;
			children = (
				D952EAF62A64C068001A3F04 /* ExamViewController.swift */,
				D952EAF42A64C068001A3F04 /* MenuViewController.swift */,
				D952EAF52A64C068001A3F04 /* MessageViewController.swift */,
				D952EACE2A61FF3B001A3F04 /* SettingViewController.swift */,
<<<<<<< HEAD
=======
				D952EAD02A61FF3B001A3F04 /* ExamViewController.swift */,
				D92219B12A75D583000CC00A /* Device.swift */,
				D952EAD12A61FF3B001A3F04 /* MessageViewController.swift */,
				D905CDF92A6A2A280046BED8 /* Button.swift */,
				D905CDF72A6A2A270046BED8 /* CustomViewController.swift */,
				D905CDF82A6A2A270046BED8 /* WebView.swift */,
				D952EAD32A61FF3B001A3F04 /* MenuViewController.swift */,
			);
			path = View;
			sourceTree = "<group>";
		};
/* End PBXGroup section */

/* Begin PBXNativeTarget section */
		D918032D2A61C1A00038B5A8 /* ExamDemo */ = {
			isa = PBXNativeTarget;
			buildConfigurationList = D91803422A61C1A30038B5A8 /* Build configuration list for PBXNativeTarget "ExamDemo" */;
			buildPhases = (
				D918032A2A61C1A00038B5A8 /* Sources */,
				D918032B2A61C1A00038B5A8 /* Frameworks */,
				D918032C2A61C1A00038B5A8 /* Resources */,
			);
			buildRules = (
			);
			dependencies = (
			);
			name = ExamDemo;
			packageProductDependencies = (
				D972A9FE2A716D0A00C5361D /* ExamLib */,
			);
			productName = ExamShugiDenKou;
			productReference = D918032E2A61C1A00038B5A8 /* ExamDemo.app */;
			productType = "com.apple.product-type.application";
		};
/* End PBXNativeTarget section */

/* Begin PBXProject section */
		D91803262A61C1A00038B5A8 /* Project object */ = {
			isa = PBXProject;
			attributes = {
				BuildIndependentTargetsInParallel = 1;
				LastSwiftUpdateCheck = 1430;
				LastUpgradeCheck = 1430;
				TargetAttributes = {
					D918032D2A61C1A00038B5A8 = {
						CreatedOnToolsVersion = 14.3.1;
					};
				};
			};
			buildConfigurationList = D91803292A61C1A00038B5A8 /* Build configuration list for PBXProject "ExamDemo" */;
			compatibilityVersion = "Xcode 14.0";
			developmentRegion = en;
			hasScannedForEncodings = 0;
			knownRegions = (
				en,
				Base,
			);
			mainGroup = D91803252A61C1A00038B5A8;
			packageReferences = (
				D972A9FD2A716D0A00C5361D /* XCRemoteSwiftPackageReference "iExamLib" */,
			);
			productRefGroup = D918032F2A61C1A00038B5A8 /* Products */;
			projectDirPath = "";
			projectRoot = "";
			targets = (
				D918032D2A61C1A00038B5A8 /* ExamDemo */,
			);
		};
/* End PBXProject section */

/* Begin PBXResourcesBuildPhase section */
		D918032C2A61C1A00038B5A8 /* Resources */ = {
			isa = PBXResourcesBuildPhase;
			buildActionMask = 2147483647;
			files = (
				D918033E2A61C1A30038B5A8 /* LaunchScreen.storyboard in Resources */,
				D918033B2A61C1A30038B5A8 /* Assets.xcassets in Resources */,
				D93F5EA22A6DFAF800E50967 /* README.md in Resources */,
				D91803392A61C1A00038B5A8 /* Main.storyboard in Resources */,
				D93F5EA42A6E101100E50967 /* ExamDemo.db in Resources */,
			);
			runOnlyForDeploymentPostprocessing = 0;
		};
/* End PBXResourcesBuildPhase section */

/* Begin PBXSourcesBuildPhase section */
		D918032A2A61C1A00038B5A8 /* Sources */ = {
			isa = PBXSourcesBuildPhase;
			buildActionMask = 2147483647;
			files = (
				D92219B22A75D583000CC00A /* Device.swift in Sources */,
				D952EAE82A61FF3C001A3F04 /* MenuViewController.swift in Sources */,
				D952EAE62A61FF3C001A3F04 /* MessageViewController.swift in Sources */,
				D91803362A61C1A00038B5A8 /* ViewController.swift in Sources */,
				D952EAE52A61FF3C001A3F04 /* ExamViewController.swift in Sources */,
				D905CE3C2A6B78BC0046BED8 /* AppRepository.swift in Sources */,
				D952EAE32A61FF3C001A3F04 /* SettingViewController.swift in Sources */,
				D905CDFC2A6A2A280046BED8 /* Button.swift in Sources */,
				D91803342A61C1A00038B5A8 /* SceneDelegate.swift in Sources */,
				D905CDFB2A6A2A280046BED8 /* WebView.swift in Sources */,
				D952EAF02A61FF3C001A3F04 /* AppDelegate.swift in Sources */,
				D905CE002A6A50350046BED8 /* Preference.swift in Sources */,
				D905CDFA2A6A2A280046BED8 /* CustomViewController.swift in Sources */,
			);
			runOnlyForDeploymentPostprocessing = 0;
		};
/* End PBXSourcesBuildPhase section */

/* Begin PBXVariantGroup section */
		D91803372A61C1A00038B5A8 /* Main.storyboard */ = {
			isa = PBXVariantGroup;
			children = (
				D91803382A61C1A00038B5A8 /* Base */,
			);
			name = Main.storyboard;
			sourceTree = "<group>";
		};
		D918033C2A61C1A30038B5A8 /* LaunchScreen.storyboard */ = {
			isa = PBXVariantGroup;
			children = (
				D918033D2A61C1A30038B5A8 /* Base */,
			);
			name = LaunchScreen.storyboard;
			sourceTree = "<group>";
		};
/* End PBXVariantGroup section */

/* Begin XCBuildConfiguration section */
		D91803402A61C1A30038B5A8 /* Debug */ = {
			isa = XCBuildConfiguration;
			buildSettings = {
				ALWAYS_SEARCH_USER_PATHS = NO;
				CLANG_ANALYZER_NONNULL = YES;
				CLANG_ANALYZER_NUMBER_OBJECT_CONVERSION = YES_AGGRESSIVE;
				CLANG_CXX_LANGUAGE_STANDARD = "gnu++20";
				CLANG_ENABLE_MODULES = YES;
				CLANG_ENABLE_OBJC_ARC = YES;
				CLANG_ENABLE_OBJC_WEAK = YES;
				CLANG_WARN_BLOCK_CAPTURE_AUTORELEASING = YES;
				CLANG_WARN_BOOL_CONVERSION = YES;
				CLANG_WARN_COMMA = YES;
				CLANG_WARN_CONSTANT_CONVERSION = YES;
				CLANG_WARN_DEPRECATED_OBJC_IMPLEMENTATIONS = YES;
				CLANG_WARN_DIRECT_OBJC_ISA_USAGE = YES_ERROR;
				CLANG_WARN_DOCUMENTATION_COMMENTS = YES;
				CLANG_WARN_EMPTY_BODY = YES;
				CLANG_WARN_ENUM_CONVERSION = YES;
				CLANG_WARN_INFINITE_RECURSION = YES;
				CLANG_WARN_INT_CONVERSION = YES;
				CLANG_WARN_NON_LITERAL_NULL_CONVERSION = YES;
				CLANG_WARN_OBJC_IMPLICIT_RETAIN_SELF = YES;
				CLANG_WARN_OBJC_LITERAL_CONVERSION = YES;
				CLANG_WARN_OBJC_ROOT_CLASS = YES_ERROR;
				CLANG_WARN_QUOTED_INCLUDE_IN_FRAMEWORK_HEADER = YES;
				CLANG_WARN_RANGE_LOOP_ANALYSIS = YES;
				CLANG_WARN_STRICT_PROTOTYPES = YES;
				CLANG_WARN_SUSPICIOUS_MOVE = YES;
				CLANG_WARN_UNGUARDED_AVAILABILITY = YES_AGGRESSIVE;
				CLANG_WARN_UNREACHABLE_CODE = YES;
				CLANG_WARN__DUPLICATE_METHOD_MATCH = YES;
				COPY_PHASE_STRIP = NO;
				DEBUG_INFORMATION_FORMAT = dwarf;
				ENABLE_STRICT_OBJC_MSGSEND = YES;
				ENABLE_TESTABILITY = YES;
				GCC_C_LANGUAGE_STANDARD = gnu11;
				GCC_DYNAMIC_NO_PIC = NO;
				GCC_NO_COMMON_BLOCKS = YES;
				GCC_OPTIMIZATION_LEVEL = 0;
				GCC_PREPROCESSOR_DEFINITIONS = (
					"DEBUG=1",
					"$(inherited)",
				);
				GCC_WARN_64_TO_32_BIT_CONVERSION = YES;
				GCC_WARN_ABOUT_RETURN_TYPE = YES_ERROR;
				GCC_WARN_UNDECLARED_SELECTOR = YES;
				GCC_WARN_UNINITIALIZED_AUTOS = YES_AGGRESSIVE;
				GCC_WARN_UNUSED_FUNCTION = YES;
				GCC_WARN_UNUSED_VARIABLE = YES;
				IPHONEOS_DEPLOYMENT_TARGET = 16.4;
				MTL_ENABLE_DEBUG_INFO = INCLUDE_SOURCE;
				MTL_FAST_MATH = YES;
				ONLY_ACTIVE_ARCH = YES;
				SDKROOT = iphoneos;
				SWIFT_ACTIVE_COMPILATION_CONDITIONS = DEBUG;
				SWIFT_OPTIMIZATION_LEVEL = "-Onone";
			};
			name = Debug;
		};
		D91803412A61C1A30038B5A8 /* Release */ = {
			isa = XCBuildConfiguration;
			buildSettings = {
				ALWAYS_SEARCH_USER_PATHS = NO;
				CLANG_ANALYZER_NONNULL = YES;
				CLANG_ANALYZER_NUMBER_OBJECT_CONVERSION = YES_AGGRESSIVE;
				CLANG_CXX_LANGUAGE_STANDARD = "gnu++20";
				CLANG_ENABLE_MODULES = YES;
				CLANG_ENABLE_OBJC_ARC = YES;
				CLANG_ENABLE_OBJC_WEAK = YES;
				CLANG_WARN_BLOCK_CAPTURE_AUTORELEASING = YES;
				CLANG_WARN_BOOL_CONVERSION = YES;
				CLANG_WARN_COMMA = YES;
				CLANG_WARN_CONSTANT_CONVERSION = YES;
				CLANG_WARN_DEPRECATED_OBJC_IMPLEMENTATIONS = YES;
				CLANG_WARN_DIRECT_OBJC_ISA_USAGE = YES_ERROR;
				CLANG_WARN_DOCUMENTATION_COMMENTS = YES;
				CLANG_WARN_EMPTY_BODY = YES;
				CLANG_WARN_ENUM_CONVERSION = YES;
				CLANG_WARN_INFINITE_RECURSION = YES;
				CLANG_WARN_INT_CONVERSION = YES;
				CLANG_WARN_NON_LITERAL_NULL_CONVERSION = YES;
				CLANG_WARN_OBJC_IMPLICIT_RETAIN_SELF = YES;
				CLANG_WARN_OBJC_LITERAL_CONVERSION = YES;
				CLANG_WARN_OBJC_ROOT_CLASS = YES_ERROR;
				CLANG_WARN_QUOTED_INCLUDE_IN_FRAMEWORK_HEADER = YES;
				CLANG_WARN_RANGE_LOOP_ANALYSIS = YES;
				CLANG_WARN_STRICT_PROTOTYPES = YES;
				CLANG_WARN_SUSPICIOUS_MOVE = YES;
				CLANG_WARN_UNGUARDED_AVAILABILITY = YES_AGGRESSIVE;
				CLANG_WARN_UNREACHABLE_CODE = YES;
				CLANG_WARN__DUPLICATE_METHOD_MATCH = YES;
				COPY_PHASE_STRIP = NO;
				DEBUG_INFORMATION_FORMAT = "dwarf-with-dsym";
				ENABLE_NS_ASSERTIONS = NO;
				ENABLE_STRICT_OBJC_MSGSEND = YES;
				GCC_C_LANGUAGE_STANDARD = gnu11;
				GCC_NO_COMMON_BLOCKS = YES;
				GCC_WARN_64_TO_32_BIT_CONVERSION = YES;
				GCC_WARN_ABOUT_RETURN_TYPE = YES_ERROR;
				GCC_WARN_UNDECLARED_SELECTOR = YES;
				GCC_WARN_UNINITIALIZED_AUTOS = YES_AGGRESSIVE;
				GCC_WARN_UNUSED_FUNCTION = YES;
				GCC_WARN_UNUSED_VARIABLE = YES;
				IPHONEOS_DEPLOYMENT_TARGET = 16.4;
				MTL_ENABLE_DEBUG_INFO = NO;
				MTL_FAST_MATH = YES;
				SDKROOT = iphoneos;
				SWIFT_COMPILATION_MODE = wholemodule;
				SWIFT_OPTIMIZATION_LEVEL = "-O";
				VALIDATE_PRODUCT = YES;
			};
			name = Release;
		};
		D91803432A61C1A30038B5A8 /* Debug */ = {
			isa = XCBuildConfiguration;
			buildSettings = {
				ASSETCATALOG_COMPILER_APPICON_NAME = AppIcon;
				ASSETCATALOG_COMPILER_GLOBAL_ACCENT_COLOR_NAME = AccentColor;
				CODE_SIGN_STYLE = Automatic;
				CURRENT_PROJECT_VERSION = 1;
				DEVELOPMENT_TEAM = K27J2FQ63C;
				GENERATE_INFOPLIST_FILE = YES;
				INFOPLIST_FILE = ExamDemo/Info.plist;
				INFOPLIST_KEY_UIApplicationSupportsIndirectInputEvents = YES;
				INFOPLIST_KEY_UILaunchStoryboardName = LaunchScreen;
				INFOPLIST_KEY_UIMainStoryboardFile = Main;
				INFOPLIST_KEY_UISupportedInterfaceOrientations_iPad = "UIInterfaceOrientationPortrait UIInterfaceOrientationPortraitUpsideDown UIInterfaceOrientationLandscapeLeft UIInterfaceOrientationLandscapeRight";
				INFOPLIST_KEY_UISupportedInterfaceOrientations_iPhone = "UIInterfaceOrientationPortrait UIInterfaceOrientationLandscapeLeft UIInterfaceOrientationLandscapeRight";
				LD_RUNPATH_SEARCH_PATHS = (
					"$(inherited)",
					"@executable_path/Frameworks",
				);
				MARKETING_VERSION = 1.0;
				PRODUCT_BUNDLE_IDENTIFIER = jp.co.manifold.exam.demo;
				PRODUCT_NAME = "$(TARGET_NAME)";
				SWIFT_EMIT_LOC_STRINGS = YES;
				SWIFT_VERSION = 5.0;
				TARGETED_DEVICE_FAMILY = "1,2";
			};
			name = Debug;
		};
		D91803442A61C1A30038B5A8 /* Release */ = {
			isa = XCBuildConfiguration;
			buildSettings = {
				ASSETCATALOG_COMPILER_APPICON_NAME = AppIcon;
				ASSETCATALOG_COMPILER_GLOBAL_ACCENT_COLOR_NAME = AccentColor;
				CODE_SIGN_STYLE = Automatic;
				CURRENT_PROJECT_VERSION = 1;
				DEVELOPMENT_TEAM = K27J2FQ63C;
				GENERATE_INFOPLIST_FILE = YES;
				INFOPLIST_FILE = ExamDemo/Info.plist;
				INFOPLIST_KEY_UIApplicationSupportsIndirectInputEvents = YES;
				INFOPLIST_KEY_UILaunchStoryboardName = LaunchScreen;
				INFOPLIST_KEY_UIMainStoryboardFile = Main;
				INFOPLIST_KEY_UISupportedInterfaceOrientations_iPad = "UIInterfaceOrientationPortrait UIInterfaceOrientationPortraitUpsideDown UIInterfaceOrientationLandscapeLeft UIInterfaceOrientationLandscapeRight";
				INFOPLIST_KEY_UISupportedInterfaceOrientations_iPhone = "UIInterfaceOrientationPortrait UIInterfaceOrientationLandscapeLeft UIInterfaceOrientationLandscapeRight";
				LD_RUNPATH_SEARCH_PATHS = (
					"$(inherited)",
					"@executable_path/Frameworks",
				);
				MARKETING_VERSION = 1.0;
				PRODUCT_BUNDLE_IDENTIFIER = jp.co.manifold.exam.demo;
				PRODUCT_NAME = "$(TARGET_NAME)";
				SWIFT_EMIT_LOC_STRINGS = YES;
				SWIFT_VERSION = 5.0;
				TARGETED_DEVICE_FAMILY = "1,2";
			};
			name = Release;
		};
/* End XCBuildConfiguration section */

/* Begin XCConfigurationList section */
		D91803292A61C1A00038B5A8 /* Build configuration list for PBXProject "ExamDemo" */ = {
			isa = XCConfigurationList;
			buildConfigurations = (
				D91803402A61C1A30038B5A8 /* Debug */,
				D91803412A61C1A30038B5A8 /* Release */,
			);
			defaultConfigurationIsVisible = 0;
			defaultConfigurationName = Release;
		};
		D91803422A61C1A30038B5A8 /* Build configuration list for PBXNativeTarget "ExamDemo" */ = {
			isa = XCConfigurationList;
			buildConfigurations = (
				D91803432A61C1A30038B5A8 /* Debug */,
				D91803442A61C1A30038B5A8 /* Release */,
			);
			defaultConfigurationIsVisible = 0;
			defaultConfigurationName = Release;
		};
/* End XCConfigurationList section */

/* Begin XCRemoteSwiftPackageReference section */
		D972A9FD2A716D0A00C5361D /* XCRemoteSwiftPackageReference "iExamLib" */ = {
			isa = XCRemoteSwiftPackageReference;
			repositoryURL = "https://github.com/suhccarg/iExamLib.git";
			requirement = {
				branch = main;
				kind = branch;
			};
		};
/* End XCRemoteSwiftPackageReference section */

/* Begin XCSwiftPackageProductDependency section */
		D972A9FE2A716D0A00C5361D /* ExamLib */ = {
			isa = XCSwiftPackageProductDependency;
			package = D972A9FD2A716D0A00C5361D /* XCRemoteSwiftPackageReference "iExamLib" */;
			productName = ExamLib;
		};
/* End XCSwiftPackageProductDependency section */
	};
	rootObject = D91803262A61C1A00038B5A8 /* Project object */;
}
