{
  "pins" : [
    {
      "identity" : "cryptoswift",
      "kind" : "remoteSourceControl",
      "location" : "https://github.com/krzyzanowskim/CryptoSwift.git",
      "state" : {
        "revision" : "32f641cf24fc7abc1c591a2025e9f2f572648b0f",
        "version" : "1.7.2"
      }
    },
    {
      "identity" : "iexamlib",
      "kind" : "remoteSourceControl",
      "location" : "https://github.com/suhccarg/iExamLib.git",
      "state" : {
        "branch" : "main",
        "revision" : "dfb421bdaa72424e45d956053378c16fe1a40431"
      }
    }
  ],
  "version" : 2
}
