// !$*UTF8*$!
{
	archiveVersion = 1;
	classes = {
	};
	objectVersion = 56;
	objects = {

/* Begin PBXBuildFile section */
		D905CDFA2A6A2A280046BED8 /* CustomViewController.swift in Sources */ = {isa = PBXBuildFile; fileRef = D905CDF72A6A2A270046BED8 /* CustomViewController.swift */; };
		D905CDFB2A6A2A280046BED8 /* WebView.swift in Sources */ = {isa = PBXBuildFile; fileRef = D905CDF82A6A2A270046BED8 /* WebView.swift */; };
		D905CDFC2A6A2A280046BED8 /* Button.swift in Sources */ = {isa = PBXBuildFile; fileRef = D905CDF92A6A2A280046BED8 /* Button.swift */; };
		D905CDFE2A6A2BE40046BED8 /* Device.swift in Sources */ = {isa = PBXBuildFile; fileRef = D905CDFD2A6A2BE40046BED8 /* Device.swift */; };
		D905CE002A6A50350046BED8 /* Preference.swift in Sources */ = {isa = PBXBuildFile; fileRef = D905CDFF2A6A50350046BED8 /* Preference.swift */; };
		D905CE3C2A6B78BC0046BED8 /* AppRepository.swift in Sources */ = {isa = PBXBuildFile; fileRef = D905CE3B2A6B78BC0046BED8 /* AppRepository.swift */; };
		D91803342A61C1A00038B5A8 /* SceneDelegate.swift in Sources */ = {isa = PBXBuildFile; fileRef = D91803332A61C1A00038B5A8 /* SceneDelegate.swift */; };
		D91803362A61C1A00038B5A8 /* ViewController.swift in Sources */ = {isa = PBXBuildFile; fileRef = D91803352A61C1A00038B5A8 /* ViewController.swift */; };
		D91803392A61C1A00038B5A8 /* Main.storyboard in Resources */ = {isa = PBXBuildFile; fileRef = D91803372A61C1A00038B5A8 /* Main.storyboard */; };
		D918033B2A61C1A30038B5A8 /* Assets.xcassets in Resources */ = {isa = PBXBuildFile; fileRef = D918033A2A61C1A30038B5A8 /* Assets.xcassets */; };
		D918033E2A61C1A30038B5A8 /* LaunchScreen.storyboard in Resources */ = {isa = PBXBuildFile; fileRef = D918033C2A61C1A30038B5A8 /* LaunchScreen.storyboard */; };
		D93F5EA22A6DFAF800E50967 /* README.md in Resources */ = {isa = PBXBuildFile; fileRef = D93F5EA12A6DFAF800E50967 /* README.md */; };
		D952EAE32A61FF3C001A3F04 /* SettingViewController.swift in Sources */ = {isa = PBXBuildFile; fileRef = D952EACE2A61FF3B001A3F04 /* SettingViewController.swift */; };
		D952EAE52A61FF3C001A3F04 /* ExamViewController.swift in Sources */ = {isa = PBXBuildFile; fileRef = D952EAD02A61FF3B001A3F04 /* ExamViewController.swift */; };
		D952EAE62A61FF3C001A3F04 /* MessageViewController.swift in Sources */ = {isa = PBXBuildFile; fileRef = D952EAD12A61FF3B001A3F04 /* MessageViewController.swift */; };
		D952EAE82A61FF3C001A3F04 /* MenuViewController.swift in Sources */ = {isa = PBXBuildFile; fileRef = D952EAD32A61FF3B001A3F04 /* MenuViewController.swift */; };
		D952EAF02A61FF3C001A3F04 /* AppDelegate.swift in Sources */ = {isa = PBXBuildFile; fileRef = D952EADC2A61FF3C001A3F04 /* AppDelegate.swift */; };
		D952EAF32A620145001A3F04 /* ExamLib_iOS1 in Frameworks */ = {isa = PBXBuildFile; productRef = D952EAF22A620145001A3F04 /* ExamLib_iOS1 */; };
/* End PBXBuildFile section */

/* Begin PBXFileReference section */
		D905CDF72A6A2A270046BED8 /* CustomViewController.swift */ = {isa = PBXFileReference; fileEncoding = 4; lastKnownFileType = sourcecode.swift; path = CustomViewController.swift; sourceTree = "<group>"; };
		D905CDF82A6A2A270046BED8 /* WebView.swift */ = {isa = PBXFileReference; fileEncoding = 4; lastKnownFileType = sourcecode.swift; path = WebView.swift; sourceTree = "<group>"; };
		D905CDF92A6A2A280046BED8 /* Button.swift */ = {isa = PBXFileReference; fileEncoding = 4; lastKnownFileType = sourcecode.swift; path = Button.swift; sourceTree = "<group>"; };
		D905CDFD2A6A2BE40046BED8 /* Device.swift */ = {isa = PBXFileReference; lastKnownFileType = sourcecode.swift; path = Device.swift; sourceTree = "<group>"; };
		D905CDFF2A6A50350046BED8 /* Preference.swift */ = {isa = PBXFileReference; lastKnownFileType = sourcecode.swift; path = Preference.swift; sourceTree = "<group>"; };
		D905CE3B2A6B78BC0046BED8 /* AppRepository.swift */ = {isa = PBXFileReference; lastKnownFileType = sourcecode.swift; path = AppRepository.swift; sourceTree = "<group>"; };
		D918032E2A61C1A00038B5A8 /* ExamShugiDenKou.app */ = {isa = PBXFileReference; explicitFileType = wrapper.application; includeInIndex = 0; path = ExamShugiDenKou.app; sourceTree = BUILT_PRODUCTS_DIR; };
		D91803332A61C1A00038B5A8 /* SceneDelegate.swift */ = {isa = PBXFileReference; lastKnownFileType = sourcecode.swift; path = SceneDelegate.swift; sourceTree = "<group>"; };
		D91803352A61C1A00038B5A8 /* ViewController.swift */ = {isa = PBXFileReference; lastKnownFileType = sourcecode.swift; path = ViewController.swift; sourceTree = "<group>"; };
		D91803382A61C1A00038B5A8 /* Base */ = {isa = PBXFileReference; lastKnownFileType = file.storyboard; name = Base; path = Base.lproj/Main.storyboard; sourceTree = "<group>"; };
		D918033A2A61C1A30038B5A8 /* Assets.xcassets */ = {isa = PBXFileReference; lastKnownFileType = folder.assetcatalog; path = Assets.xcassets; sourceTree = "<group>"; };
		D918033D2A61C1A30038B5A8 /* Base */ = {isa = PBXFileReference; lastKnownFileType = file.storyboard; name = Base; path = Base.lproj/LaunchScreen.storyboard; sourceTree = "<group>"; };
		D918033F2A61C1A30038B5A8 /* Info.plist */ = {isa = PBXFileReference; lastKnownFileType = text.plist.xml; path = Info.plist; sourceTree = "<group>"; };
		D93F5EA12A6DFAF800E50967 /* README.md */ = {isa = PBXFileReference; fileEncoding = 4; lastKnownFileType = net.daringfireball.markdown; path = README.md; sourceTree = SOURCE_ROOT; };
		D952EACE2A61FF3B001A3F04 /* SettingViewController.swift */ = {isa = PBXFileReference; fileEncoding = 4; lastKnownFileType = sourcecode.swift; path = SettingViewController.swift; sourceTree = "<group>"; };
		D952EAD02A61FF3B001A3F04 /* ExamViewController.swift */ = {isa = PBXFileReference; fileEncoding = 4; lastKnownFileType = sourcecode.swift; path = ExamViewController.swift; sourceTree = "<group>"; };
		D952EAD12A61FF3B001A3F04 /* MessageViewController.swift */ = {isa = PBXFileReference; fileEncoding = 4; lastKnownFileType = sourcecode.swift; path = MessageViewController.swift; sourceTree = "<group>"; };
		D952EAD32A61FF3B001A3F04 /* MenuViewController.swift */ = {isa = PBXFileReference; fileEncoding = 4; lastKnownFileType = sourcecode.swift; path = MenuViewController.swift; sourceTree = "<group>"; };
		D952EADC2A61FF3C001A3F04 /* AppDelegate.swift */ = {isa = PBXFileReference; fileEncoding = 4; lastKnownFileType = sourcecode.swift; path = AppDelegate.swift; sourceTree = "<group>"; };
/* End PBXFileReference section */

/* Begin PBXFrameworksBuildPhase section */
		D918032B2A61C1A00038B5A8 /* Frameworks */ = {
			isa = PBXFrameworksBuildPhase;
			buildActionMask = 2147483647;
			files = (
				D952EAF32A620145001A3F04 /* ExamLib_iOS1 in Frameworks */,
			);
			runOnlyForDeploymentPostprocessing = 0;
		};
/* End PBXFrameworksBuildPhase section */

/* Begin PBXGroup section */
		D91803252A61C1A00038B5A8 = {
			isa = PBXGroup;
			children = (
				D91803302A61C1A00038B5A8 /* ExamShugiDenKou */,
				D918032F2A61C1A00038B5A8 /* Products */,
			);
			sourceTree = "<group>";
		};
		D918032F2A61C1A00038B5A8 /* Products */ = {
			isa = PBXGroup;
			children = (
				D918032E2A61C1A00038B5A8 /* ExamShugiDenKou.app */,
			);
			name = Products;
			sourceTree = "<group>";
		};
		D91803302A61C1A00038B5A8 /* ExamShugiDenKou */ = {
			isa = PBXGroup;
			children = (
				D93F5EA12A6DFAF800E50967 /* README.md */,
				D91803332A61C1A00038B5A8 /* SceneDelegate.swift */,
				D91803352A61C1A00038B5A8 /* ViewController.swift */,
				D91803372A61C1A00038B5A8 /* Main.storyboard */,
				D952EAC42A61FF3B001A3F04 /* src */,
				D918033A2A61C1A30038B5A8 /* Assets.xcassets */,
				D918033C2A61C1A30038B5A8 /* LaunchScreen.storyboard */,
				D918033F2A61C1A30038B5A8 /* Info.plist */,
			);
			path = ExamShugiDenKou;
			sourceTree = "<group>";
		};
		D952EAC42A61FF3B001A3F04 /* src */ = {
			isa = PBXGroup;
			children = (
				D952EACD2A61FF3B001A3F04 /* View */,
				D952EADC2A61FF3C001A3F04 /* AppDelegate.swift */,
				D905CDFF2A6A50350046BED8 /* Preference.swift */,
				D905CE3B2A6B78BC0046BED8 /* AppRepository.swift */,
			);
			path = src;
			sourceTree = "<group>";
		};
		D952EACD2A61FF3B001A3F04 /* View */ = {
			isa = PBXGroup;
			children = (
				D952EACE2A61FF3B001A3F04 /* SettingViewController.swift */,
				D952EAD02A61FF3B001A3F04 /* ExamViewController.swift */,
				D952EAD12A61FF3B001A3F04 /* MessageViewController.swift */,
				D905CDF92A6A2A280046BED8 /* Button.swift */,
				D905CDF72A6A2A270046BED8 /* CustomViewController.swift */,
				D905CDF82A6A2A270046BED8 /* WebView.swift */,
				D952EAD32A61FF3B001A3F04 /* MenuViewController.swift */,
				D905CDFD2A6A2BE40046BED8 /* Device.swift */,
			);
			path = View;
			sourceTree = "<group>";
		};
/* End PBXGroup section */

/* Begin PBXNativeTarget section */
		D918032D2A61C1A00038B5A8 /* ExamShugiDenKou */ = {
			isa = PBXNativeTarget;
			buildConfigurationList = D91803422A61C1A30038B5A8 /* Build configuration list for PBXNativeTarget "ExamShugiDenKou" */;
			buildPhases = (
				D918032A2A61C1A00038B5A8 /* Sources */,
				D918032B2A61C1A00038B5A8 /* Frameworks */,
				D918032C2A61C1A00038B5A8 /* Resources */,
			);
			buildRules = (
			);
			dependencies = (
			);
			name = ExamShugiDenKou;
			packageProductDependencies = (
				D952EAF22A620145001A3F04 /* ExamLib_iOS1 */,
			);
			productName = ExamShugiDenKou;
			productReference = D918032E2A61C1A00038B5A8 /* ExamShugiDenKou.app */;
			productType = "com.apple.product-type.application";
		};
/* End PBXNativeTarget section */

/* Begin PBXProject section */
		D91803262A61C1A00038B5A8 /* Project object */ = {
			isa = PBXProject;
			attributes = {
				BuildIndependentTargetsInParallel = 1;
				LastSwiftUpdateCheck = 1430;
				LastUpgradeCheck = 1430;
				TargetAttributes = {
					D918032D2A61C1A00038B5A8 = {
						CreatedOnToolsVersion = 14.3.1;
					};
				};
			};
			buildConfigurationList = D91803292A61C1A00038B5A8 /* Build configuration list for PBXProject "ExamShugiDenKou" */;
			compatibilityVersion = "Xcode 14.0";
			developmentRegion = en;
			hasScannedForEncodings = 0;
			knownRegions = (
				en,
				Base,
			);
			mainGroup = D91803252A61C1A00038B5A8;
			packageReferences = (
				D952EAF12A620145001A3F04 /* XCRemoteSwiftPackageReference "ExamLib_iOS1" */,
			);
			productRefGroup = D918032F2A61C1A00038B5A8 /* Products */;
			projectDirPath = "";
			projectRoot = "";
			targets = (
				D918032D2A61C1A00038B5A8 /* ExamShugiDenKou */,
			);
		};
/* End PBXProject section */

/* Begin PBXResourcesBuildPhase section */
		D918032C2A61C1A00038B5A8 /* Resources */ = {
			isa = PBXResourcesBuildPhase;
			buildActionMask = 2147483647;
			files = (
				D918033E2A61C1A30038B5A8 /* LaunchScreen.storyboard in Resources */,
				D918033B2A61C1A30038B5A8 /* Assets.xcassets in Resources */,
				D93F5EA22A6DFAF800E50967 /* README.md in Resources */,
				D91803392A61C1A00038B5A8 /* Main.storyboard in Resources */,
			);
			runOnlyForDeploymentPostprocessing = 0;
		};
/* End PBXResourcesBuildPhase section */

/* Begin PBXSourcesBuildPhase section */
		D918032A2A61C1A00038B5A8 /* Sources */ = {
			isa = PBXSourcesBuildPhase;
			buildActionMask = 2147483647;
			files = (
				D905CDFE2A6A2BE40046BED8 /* Device.swift in Sources */,
				D952EAE82A61FF3C001A3F04 /* MenuViewController.swift in Sources */,
				D952EAE62A61FF3C001A3F04 /* MessageViewController.swift in Sources */,
				D91803362A61C1A00038B5A8 /* ViewController.swift in Sources */,
				D952EAE52A61FF3C001A3F04 /* ExamViewController.swift in Sources */,
				D905CE3C2A6B78BC0046BED8 /* AppRepository.swift in Sources */,
				D952EAE32A61FF3C001A3F04 /* SettingViewController.swift in Sources */,
				D905CDFC2A6A2A280046BED8 /* Button.swift in Sources */,
				D91803342A61C1A00038B5A8 /* SceneDelegate.swift in Sources */,
				D905CDFB2A6A2A280046BED8 /* WebView.swift in Sources */,
				D952EAF02A61FF3C001A3F04 /* AppDelegate.swift in Sources */,
				D905CE002A6A50350046BED8 /* Preference.swift in Sources */,
				D905CDFA2A6A2A280046BED8 /* CustomViewController.swift in Sources */,
			);
			runOnlyForDeploymentPostprocessing = 0;
		};
/* End PBXSourcesBuildPhase section */

/* Begin PBXVariantGroup section */
		D91803372A61C1A00038B5A8 /* Main.storyboard */ = {
			isa = PBXVariantGroup;
			children = (
				D91803382A61C1A00038B5A8 /* Base */,
			);
			name = Main.storyboard;
			sourceTree = "<group>";
		};
		D918033C2A61C1A30038B5A8 /* LaunchScreen.storyboard */ = {
			isa = PBXVariantGroup;
			children = (
				D918033D2A61C1A30038B5A8 /* Base */,
			);
			name = LaunchScreen.storyboard;
			sourceTree = "<group>";
		};
/* End PBXVariantGroup section */

/* Begin XCBuildConfiguration section */
		D91803402A61C1A30038B5A8 /* Debug */ = {
			isa = XCBuildConfiguration;
			buildSettings = {
				ALWAYS_SEARCH_USER_PATHS = NO;
				CLANG_ANALYZER_NONNULL = YES;
				CLANG_ANALYZER_NUMBER_OBJECT_CONVERSION = YES_AGGRESSIVE;
				CLANG_CXX_LANGUAGE_STANDARD = "gnu++20";
				CLANG_ENABLE_MODULES = YES;
				CLANG_ENABLE_OBJC_ARC = YES;
				CLANG_ENABLE_OBJC_WEAK = YES;
				CLANG_WARN_BLOCK_CAPTURE_AUTORELEASING = YES;
				CLANG_WARN_BOOL_CONVERSION = YES;
				CLANG_WARN_COMMA = YES;
				CLANG_WARN_CONSTANT_CONVERSION = YES;
				CLANG_WARN_DEPRECATED_OBJC_IMPLEMENTATIONS = YES;
				CLANG_WARN_DIRECT_OBJC_ISA_USAGE = YES_ERROR;
				CLANG_WARN_DOCUMENTATION_COMMENTS = YES;
				CLANG_WARN_EMPTY_BODY = YES;
				CLANG_WARN_ENUM_CONVERSION = YES;
				CLANG_WARN_INFINITE_RECURSION = YES;
				CLANG_WARN_INT_CONVERSION = YES;
				CLANG_WARN_NON_LITERAL_NULL_CONVERSION = YES;
				CLANG_WARN_OBJC_IMPLICIT_RETAIN_SELF = YES;
				CLANG_WARN_OBJC_LITERAL_CONVERSION = YES;
				CLANG_WARN_OBJC_ROOT_CLASS = YES_ERROR;
				CLANG_WARN_QUOTED_INCLUDE_IN_FRAMEWORK_HEADER = YES;
				CLANG_WARN_RANGE_LOOP_ANALYSIS = YES;
				CLANG_WARN_STRICT_PROTOTYPES = YES;
				CLANG_WARN_SUSPICIOUS_MOVE = YES;
				CLANG_WARN_UNGUARDED_AVAILABILITY = YES_AGGRESSIVE;
				CLANG_WARN_UNREACHABLE_CODE = YES;
				CLANG_WARN__DUPLICATE_METHOD_MATCH = YES;
				COPY_PHASE_STRIP = NO;
				DEBUG_INFORMATION_FORMAT = dwarf;
				ENABLE_STRICT_OBJC_MSGSEND = YES;
				ENABLE_TESTABILITY = YES;
				GCC_C_LANGUAGE_STANDARD = gnu11;
				GCC_DYNAMIC_NO_PIC = NO;
				GCC_NO_COMMON_BLOCKS = YES;
				GCC_OPTIMIZATION_LEVEL = 0;
				GCC_PREPROCESSOR_DEFINITIONS = (
					"DEBUG=1",
					"$(inherited)",
				);
				GCC_WARN_64_TO_32_BIT_CONVERSION = YES;
				GCC_WARN_ABOUT_RETURN_TYPE = YES_ERROR;
				GCC_WARN_UNDECLARED_SELECTOR = YES;
				GCC_WARN_UNINITIALIZED_AUTOS = YES_AGGRESSIVE;
				GCC_WARN_UNUSED_FUNCTION = YES;
				GCC_WARN_UNUSED_VARIABLE = YES;
				IPHONEOS_DEPLOYMENT_TARGET = 16.4;
				MTL_ENABLE_DEBUG_INFO = INCLUDE_SOURCE;
				MTL_FAST_MATH = YES;
				ONLY_ACTIVE_ARCH = YES;
				SDKROOT = iphoneos;
				SWIFT_ACTIVE_COMPILATION_CONDITIONS = DEBUG;
				SWIFT_OPTIMIZATION_LEVEL = "-Onone";
			};
			name = Debug;
		};
		D91803412A61C1A30038B5A8 /* Release */ = {
			isa = XCBuildConfiguration;
			buildSettings = {
				ALWAYS_SEARCH_USER_PATHS = NO;
				CLANG_ANALYZER_NONNULL = YES;
				CLANG_ANALYZER_NUMBER_OBJECT_CONVERSION = YES_AGGRESSIVE;
				CLANG_CXX_LANGUAGE_STANDARD = "gnu++20";
				CLANG_ENABLE_MODULES = YES;
				CLANG_ENABLE_OBJC_ARC = YES;
				CLANG_ENABLE_OBJC_WEAK = YES;
				CLANG_WARN_BLOCK_CAPTURE_AUTORELEASING = YES;
				CLANG_WARN_BOOL_CONVERSION = YES;
				CLANG_WARN_COMMA = YES;
				CLANG_WARN_CONSTANT_CONVERSION = YES;
				CLANG_WARN_DEPRECATED_OBJC_IMPLEMENTATIONS = YES;
				CLANG_WARN_DIRECT_OBJC_ISA_USAGE = YES_ERROR;
				CLANG_WARN_DOCUMENTATION_COMMENTS = YES;
				CLANG_WARN_EMPTY_BODY = YES;
				CLANG_WARN_ENUM_CONVERSION = YES;
				CLANG_WARN_INFINITE_RECURSION = YES;
				CLANG_WARN_INT_CONVERSION = YES;
				CLANG_WARN_NON_LITERAL_NULL_CONVERSION = YES;
				CLANG_WARN_OBJC_IMPLICIT_RETAIN_SELF = YES;
				CLANG_WARN_OBJC_LITERAL_CONVERSION = YES;
				CLANG_WARN_OBJC_ROOT_CLASS = YES_ERROR;
				CLANG_WARN_QUOTED_INCLUDE_IN_FRAMEWORK_HEADER = YES;
				CLANG_WARN_RANGE_LOOP_ANALYSIS = YES;
				CLANG_WARN_STRICT_PROTOTYPES = YES;
				CLANG_WARN_SUSPICIOUS_MOVE = YES;
				CLANG_WARN_UNGUARDED_AVAILABILITY = YES_AGGRESSIVE;
				CLANG_WARN_UNREACHABLE_CODE = YES;
				CLANG_WARN__DUPLICATE_METHOD_MATCH = YES;
				COPY_PHASE_STRIP = NO;
				DEBUG_INFORMATION_FORMAT = "dwarf-with-dsym";
				ENABLE_NS_ASSERTIONS = NO;
				ENABLE_STRICT_OBJC_MSGSEND = YES;
				GCC_C_LANGUAGE_STANDARD = gnu11;
				GCC_NO_COMMON_BLOCKS = YES;
				GCC_WARN_64_TO_32_BIT_CONVERSION = YES;
				GCC_WARN_ABOUT_RETURN_TYPE = YES_ERROR;
				GCC_WARN_UNDECLARED_SELECTOR = YES;
				GCC_WARN_UNINITIALIZED_AUTOS = YES_AGGRESSIVE;
				GCC_WARN_UNUSED_FUNCTION = YES;
				GCC_WARN_UNUSED_VARIABLE = YES;
				IPHONEOS_DEPLOYMENT_TARGET = 16.4;
				MTL_ENABLE_DEBUG_INFO = NO;
				MTL_FAST_MATH = YES;
				SDKROOT = iphoneos;
				SWIFT_COMPILATION_MODE = wholemodule;
				SWIFT_OPTIMIZATION_LEVEL = "-O";
				VALIDATE_PRODUCT = YES;
			};
			name = Release;
		};
		D91803432A61C1A30038B5A8 /* Debug */ = {
			isa = XCBuildConfiguration;
			buildSettings = {
				ASSETCATALOG_COMPILER_APPICON_NAME = AppIcon;
				ASSETCATALOG_COMPILER_GLOBAL_ACCENT_COLOR_NAME = AccentColor;
				CODE_SIGN_STYLE = Automatic;
				CURRENT_PROJECT_VERSION = 1;
				DEVELOPMENT_TEAM = K27J2FQ63C;
				GENERATE_INFOPLIST_FILE = YES;
				INFOPLIST_FILE = ExamShugiDenKou/Info.plist;
				INFOPLIST_KEY_UIApplicationSupportsIndirectInputEvents = YES;
				INFOPLIST_KEY_UILaunchStoryboardName = LaunchScreen;
				INFOPLIST_KEY_UIMainStoryboardFile = Main;
				INFOPLIST_KEY_UISupportedInterfaceOrientations_iPad = "UIInterfaceOrientationPortrait UIInterfaceOrientationPortraitUpsideDown UIInterfaceOrientationLandscapeLeft UIInterfaceOrientationLandscapeRight";
				INFOPLIST_KEY_UISupportedInterfaceOrientations_iPhone = "UIInterfaceOrientationPortrait UIInterfaceOrientationLandscapeLeft UIInterfaceOrientationLandscapeRight";
				LD_RUNPATH_SEARCH_PATHS = (
					"$(inherited)",
					"@executable_path/Frameworks",
				);
				MARKETING_VERSION = 1.0;
				PRODUCT_BUNDLE_IDENTIFIER = jp.co.manifold.ExamShugiDenKou;
				PRODUCT_NAME = "$(TARGET_NAME)";
				SWIFT_EMIT_LOC_STRINGS = YES;
				SWIFT_VERSION = 5.0;
				TARGETED_DEVICE_FAMILY = "1,2";
			};
			name = Debug;
		};
		D91803442A61C1A30038B5A8 /* Release */ = {
			isa = XCBuildConfiguration;
			buildSettings = {
				ASSETCATALOG_COMPILER_APPICON_NAME = AppIcon;
				ASSETCATALOG_COMPILER_GLOBAL_ACCENT_COLOR_NAME = AccentColor;
				CODE_SIGN_STYLE = Automatic;
				CURRENT_PROJECT_VERSION = 1;
				DEVELOPMENT_TEAM = K27J2FQ63C;
				GENERATE_INFOPLIST_FILE = YES;
				INFOPLIST_FILE = ExamShugiDenKou/Info.plist;
				INFOPLIST_KEY_UIApplicationSupportsIndirectInputEvents = YES;
				INFOPLIST_KEY_UILaunchStoryboardName = LaunchScreen;
				INFOPLIST_KEY_UIMainStoryboardFile = Main;
				INFOPLIST_KEY_UISupportedInterfaceOrientations_iPad = "UIInterfaceOrientationPortrait UIInterfaceOrientationPortraitUpsideDown UIInterfaceOrientationLandscapeLeft UIInterfaceOrientationLandscapeRight";
				INFOPLIST_KEY_UISupportedInterfaceOrientations_iPhone = "UIInterfaceOrientationPortrait UIInterfaceOrientationLandscapeLeft UIInterfaceOrientationLandscapeRight";
				LD_RUNPATH_SEARCH_PATHS = (
					"$(inherited)",
					"@executable_path/Frameworks",
				);
				MARKETING_VERSION = 1.0;
				PRODUCT_BUNDLE_IDENTIFIER = jp.co.manifold.ExamShugiDenKou;
				PRODUCT_NAME = "$(TARGET_NAME)";
				SWIFT_EMIT_LOC_STRINGS = YES;
				SWIFT_VERSION = 5.0;
				TARGETED_DEVICE_FAMILY = "1,2";
			};
			name = Release;
		};
/* End XCBuildConfiguration section */

/* Begin XCConfigurationList section */
		D91803292A61C1A00038B5A8 /* Build configuration list for PBXProject "ExamShugiDenKou" */ = {
			isa = XCConfigurationList;
			buildConfigurations = (
				D91803402A61C1A30038B5A8 /* Debug */,
				D91803412A61C1A30038B5A8 /* Release */,
			);
			defaultConfigurationIsVisible = 0;
			defaultConfigurationName = Release;
		};
		D91803422A61C1A30038B5A8 /* Build configuration list for PBXNativeTarget "ExamShugiDenKou" */ = {
			isa = XCConfigurationList;
			buildConfigurations = (
				D91803432A61C1A30038B5A8 /* Debug */,
				D91803442A61C1A30038B5A8 /* Release */,
			);
			defaultConfigurationIsVisible = 0;
			defaultConfigurationName = Release;
		};
/* End XCConfigurationList section */

/* Begin XCRemoteSwiftPackageReference section */
		D952EAF12A620145001A3F04 /* XCRemoteSwiftPackageReference "ExamLib_iOS1" */ = {
			isa = XCRemoteSwiftPackageReference;
			repositoryURL = "https://github.com/suhccarg/ExamLib_iOS1.git";
			requirement = {
				branch = main;
				kind = branch;
			};
		};
/* End XCRemoteSwiftPackageReference section */

/* Begin XCSwiftPackageProductDependency section */
		D952EAF22A620145001A3F04 /* ExamLib_iOS1 */ = {
			isa = XCSwiftPackageProductDependency;
			package = D952EAF12A620145001A3F04 /* XCRemoteSwiftPackageReference "ExamLib_iOS1" */;
			productName = ExamLib_iOS1;
		};
/* End XCSwiftPackageProductDependency section */
	};
	rootObject = D91803262A61C1A00038B5A8 /* Project object */;
}
