// !$*UTF8*$!
{
	archiveVersion = 1;
	classes = {
	};
	objectVersion = 56;
	objects = {

/* Begin PBXBuildFile section */
		D91803322A61C1A00038B5A8 /* AppDelegate.swift in Sources */ = {isa = PBXBuildFile; fileRef = D91803312A61C1A00038B5A8 /* AppDelegate.swift */; };
		D91803342A61C1A00038B5A8 /* SceneDelegate.swift in Sources */ = {isa = PBXBuildFile; fileRef = D91803332A61C1A00038B5A8 /* SceneDelegate.swift */; };
		D91803362A61C1A00038B5A8 /* ViewController.swift in Sources */ = {isa = PBXBuildFile; fileRef = D91803352A61C1A00038B5A8 /* ViewController.swift */; };
		D91803392A61C1A00038B5A8 /* Main.storyboard in Resources */ = {isa = PBXBuildFile; fileRef = D91803372A61C1A00038B5A8 /* Main.storyboard */; };
		D918033B2A61C1A30038B5A8 /* Assets.xcassets in Resources */ = {isa = PBXBuildFile; fileRef = D918033A2A61C1A30038B5A8 /* Assets.xcassets */; };
		D918033E2A61C1A30038B5A8 /* LaunchScreen.storyboard in Resources */ = {isa = PBXBuildFile; fileRef = D918033C2A61C1A30038B5A8 /* LaunchScreen.storyboard */; };
		D91803B82A61CD310038B5A8 /* SDK5-QPSK_16QAM-K.png in Resources */ = {isa = PBXBuildFile; fileRef = D91803462A61CD2F0038B5A8 /* SDK5-QPSK_16QAM-K.png */; };
		D91803B92A61CD310038B5A8 /* SDK8-IPsec_Mode-A.png in Resources */ = {isa = PBXBuildFile; fileRef = D91803472A61CD2F0038B5A8 /* SDK8-IPsec_Mode-A.png */; };
		D91803BA2A61CD310038B5A8 /* SDK5-ShiftedPSK-K.png in Resources */ = {isa = PBXBuildFile; fileRef = D91803482A61CD2F0038B5A8 /* SDK5-ShiftedPSK-K.png */; };
		D91803BB2A61CD310038B5A8 /* SDK3-Cloud_ServiceType-A.png in Resources */ = {isa = PBXBuildFile; fileRef = D91803492A61CD2F0038B5A8 /* SDK3-Cloud_ServiceType-A.png */; };
		D91803BC2A61CD310038B5A8 /* SDK1-Histogram-A.png in Resources */ = {isa = PBXBuildFile; fileRef = D918034A2A61CD2F0038B5A8 /* SDK1-Histogram-A.png */; };
		D91803BD2A61CD310038B5A8 /* SDK5-Bunsan-K.png in Resources */ = {isa = PBXBuildFile; fileRef = D918034B2A61CD2F0038B5A8 /* SDK5-Bunsan-K.png */; };
		D91803BE2A61CD310038B5A8 /* SDK7-SDN_Separate-A.png in Resources */ = {isa = PBXBuildFile; fileRef = D918034C2A61CD2F0038B5A8 /* SDK7-SDN_Separate-A.png */; };
		D91803BF2A61CD310038B5A8 /* SDK7-SDN_HopByHop_Overlay-K.png in Resources */ = {isa = PBXBuildFile; fileRef = D918034D2A61CD2F0038B5A8 /* SDK7-SDN_HopByHop_Overlay-K.png */; };
		D91803C02A61CD310038B5A8 /* SDK7-EthernetFrame_FCS_EColor-A.png in Resources */ = {isa = PBXBuildFile; fileRef = D918034E2A61CD2F0038B5A8 /* SDK7-EthernetFrame_FCS_EColor-A.png */; };
		D91803C12A61CD310038B5A8 /* SDK5-QPSK-A.png in Resources */ = {isa = PBXBuildFile; fileRef = D918034F2A61CD2F0038B5A8 /* SDK5-QPSK-A.png */; };
		D91803C22A61CD310038B5A8 /* SDK5Q-BipolerNRZ-A.png in Resources */ = {isa = PBXBuildFile; fileRef = D91803502A61CD2F0038B5A8 /* SDK5Q-BipolerNRZ-A.png */; };
		D91803C32A61CD310038B5A8 /* SDK7-GbE-K.png in Resources */ = {isa = PBXBuildFile; fileRef = D91803512A61CD2F0038B5A8 /* SDK7-GbE-K.png */; };
		D91803C42A61CD310038B5A8 /* SDK7-ROADM-A.png in Resources */ = {isa = PBXBuildFile; fileRef = D91803522A61CD2F0038B5A8 /* SDK7-ROADM-A.png */; };
		D91803C52A61CD310038B5A8 /* SDKb_DenAtasu-A.png in Resources */ = {isa = PBXBuildFile; fileRef = D91803532A61CD2F0038B5A8 /* SDKb_DenAtasu-A.png */; };
		D91803C62A61CD310038B5A8 /* SDK1-ShasenShiki-A.png in Resources */ = {isa = PBXBuildFile; fileRef = D91803542A61CD2F0038B5A8 /* SDK1-ShasenShiki-A.png */; };
		D91803C72A61CD310038B5A8 /* SDK1-Pareto-K.png in Resources */ = {isa = PBXBuildFile; fileRef = D91803552A61CD2F0038B5A8 /* SDK1-Pareto-K.png */; };
		D91803C82A61CD310038B5A8 /* SDK1_ControlChart-A.png in Resources */ = {isa = PBXBuildFile; fileRef = D91803562A61CD2F0038B5A8 /* SDK1_ControlChart-A.png */; };
		D91803C92A61CD310038B5A8 /* SDKb_PWM_inverter-A.png in Resources */ = {isa = PBXBuildFile; fileRef = D91803572A61CD2F0038B5A8 /* SDKb_PWM_inverter-A.png */; };
		D91803CA2A61CD310038B5A8 /* SDK2-FMEA_FTA-A.png in Resources */ = {isa = PBXBuildFile; fileRef = D91803582A61CD2F0038B5A8 /* SDK2-FMEA_FTA-A.png */; };
		D91803CB2A61CD310038B5A8 /* SDK8-IPv6_Tunneling-A.png in Resources */ = {isa = PBXBuildFile; fileRef = D91803592A61CD2F0038B5A8 /* SDK8-IPv6_Tunneling-A.png */; };
		D91803CC2A61CD310038B5A8 /* SDK2-Jouchou-A.png in Resources */ = {isa = PBXBuildFile; fileRef = D918035A2A61CD2F0038B5A8 /* SDK2-Jouchou-A.png */; };
		D91803CD2A61CD310038B5A8 /* SDK7-CAS-A.png in Resources */ = {isa = PBXBuildFile; fileRef = D918035B2A61CD2F0038B5A8 /* SDK7-CAS-A.png */; };
		D91803CE2A61CD310038B5A8 /* SDK4-HornAnntena-A.png in Resources */ = {isa = PBXBuildFile; fileRef = D918035C2A61CD2F0038B5A8 /* SDK4-HornAnntena-A.png */; };
		D91803CF2A61CD310038B5A8 /* SDK8-3WayHandShake-A.png in Resources */ = {isa = PBXBuildFile; fileRef = D918035D2A61CD2F0038B5A8 /* SDK8-3WayHandShake-A.png */; };
		D91803D02A61CD310038B5A8 /* SDK1_ETA-K.png in Resources */ = {isa = PBXBuildFile; fileRef = D918035E2A61CD2F0038B5A8 /* SDK1_ETA-K.png */; };
		D91803D12A61CD310038B5A8 /* SDK7-SDN_Overlay_HopByHop-A.png in Resources */ = {isa = PBXBuildFile; fileRef = D918035F2A61CD2F0038B5A8 /* SDK7-SDN_Overlay_HopByHop-A.png */; };
		D91803D22A61CD310038B5A8 /* SDK1-BarChart_GanttChart-K.png in Resources */ = {isa = PBXBuildFile; fileRef = D91803602A61CD2F0038B5A8 /* SDK1-BarChart_GanttChart-K.png */; };
		D91803D32A61CD310038B5A8 /* SDK7-SDN_Layer-K.png in Resources */ = {isa = PBXBuildFile; fileRef = D91803612A61CD2F0038B5A8 /* SDK7-SDN_Layer-K.png */; };
		D91803D42A61CD310038B5A8 /* SDK5_B6ZS-K.png in Resources */ = {isa = PBXBuildFile; fileRef = D91803622A61CD2F0038B5A8 /* SDK5_B6ZS-K.png */; };
		D91803D52A61CD310038B5A8 /* SDK5-AMI-K.png in Resources */ = {isa = PBXBuildFile; fileRef = D91803632A61CD2F0038B5A8 /* SDK5-AMI-K.png */; };
		D91803D62A61CD310038B5A8 /* SDK5-RZ_NRZ-A.png in Resources */ = {isa = PBXBuildFile; fileRef = D91803642A61CD2F0038B5A8 /* SDK5-RZ_NRZ-A.png */; };
		D91803D72A61CD310038B5A8 /* SDKb_HenAtsuKi-K.png in Resources */ = {isa = PBXBuildFile; fileRef = D91803652A61CD2F0038B5A8 /* SDKb_HenAtsuKi-K.png */; };
		D91803D82A61CD310038B5A8 /* SDK7-EthernetFrame-A.png in Resources */ = {isa = PBXBuildFile; fileRef = D91803662A61CD2F0038B5A8 /* SDK7-EthernetFrame-A.png */; };
		D91803D92A61CD310038B5A8 /* SDKb-SecchiKouji-K.png in Resources */ = {isa = PBXBuildFile; fileRef = D91803672A61CD2F0038B5A8 /* SDKb-SecchiKouji-K.png */; };
		D91803DA2A61CD310038B5A8 /* SDK1_KoukiKensetsuHi_Kyokusen-K.png in Resources */ = {isa = PBXBuildFile; fileRef = D91803682A61CD2F0038B5A8 /* SDK1_KoukiKensetsuHi_Kyokusen-K.png */; };
		D91803DB2A61CD310038B5A8 /* SDK5-EyePattern-A.png in Resources */ = {isa = PBXBuildFile; fileRef = D91803692A61CD2F0038B5A8 /* SDK5-EyePattern-A.png */; };
		D91803DC2A61CD310038B5A8 /* SDK1_SonEkiBunkiTen-A.png in Resources */ = {isa = PBXBuildFile; fileRef = D918036A2A61CD2F0038B5A8 /* SDK1_SonEkiBunkiTen-A.png */; };
		D91803DD2A61CD310038B5A8 /* SDKb_SeiryuuHikaku-A.png in Resources */ = {isa = PBXBuildFile; fileRef = D918036B2A61CD2F0038B5A8 /* SDKb_SeiryuuHikaku-A.png */; };
		D91803DE2A61CD310038B5A8 /* SDK7-10GbE-A.png in Resources */ = {isa = PBXBuildFile; fileRef = D918036C2A61CD2F0038B5A8 /* SDK7-10GbE-A.png */; };
		D91803DF2A61CD310038B5A8 /* SDK5-Shaping_Policing-K.png in Resources */ = {isa = PBXBuildFile; fileRef = D918036D2A61CD2F0038B5A8 /* SDK5-Shaping_Policing-K.png */; };
		D91803E02A61CD310038B5A8 /* SDK5_B6ZS-A.png in Resources */ = {isa = PBXBuildFile; fileRef = D918036E2A61CD2F0038B5A8 /* SDK5_B6ZS-A.png */; };
		D91803E12A61CD310038B5A8 /* SDK5-AMI-A.png in Resources */ = {isa = PBXBuildFile; fileRef = D918036F2A61CD2F0038B5A8 /* SDK5-AMI-A.png */; };
		D91803E22A61CD310038B5A8 /* SDK5-RZ_NRZ-K.png in Resources */ = {isa = PBXBuildFile; fileRef = D91803702A61CD2F0038B5A8 /* SDK5-RZ_NRZ-K.png */; };
		D91803E32A61CD310038B5A8 /* SDK8-3WayHandShake-K.png in Resources */ = {isa = PBXBuildFile; fileRef = D91803712A61CD2F0038B5A8 /* SDK8-3WayHandShake-K.png */; };
		D91803E42A61CD310038B5A8 /* SDK4-HornAnntena-K.png in Resources */ = {isa = PBXBuildFile; fileRef = D91803722A61CD2F0038B5A8 /* SDK4-HornAnntena-K.png */; };
		D91803E52A61CD310038B5A8 /* SDK1_ETA-A.png in Resources */ = {isa = PBXBuildFile; fileRef = D91803732A61CD2F0038B5A8 /* SDK1_ETA-A.png */; };
		D91803E62A61CD310038B5A8 /* SDK7-SDN_Overlay_HopByHop-K.png in Resources */ = {isa = PBXBuildFile; fileRef = D91803742A61CD2F0038B5A8 /* SDK7-SDN_Overlay_HopByHop-K.png */; };
		D91803E72A61CD310038B5A8 /* SDK1-BarChart_GanttChart-A.png in Resources */ = {isa = PBXBuildFile; fileRef = D91803752A61CD2F0038B5A8 /* SDK1-BarChart_GanttChart-A.png */; };
		D91803E82A61CD310038B5A8 /* SDK7-SDN_Layer-A.png in Resources */ = {isa = PBXBuildFile; fileRef = D91803762A61CD2F0038B5A8 /* SDK7-SDN_Layer-A.png */; };
		D91803E92A61CD310038B5A8 /* SDKb_SeiryuuHikaku-K.png in Resources */ = {isa = PBXBuildFile; fileRef = D91803772A61CD2F0038B5A8 /* SDKb_SeiryuuHikaku-K.png */; };
		D91803EA2A61CD310038B5A8 /* SDK7-10GbE-K.png in Resources */ = {isa = PBXBuildFile; fileRef = D91803782A61CD2F0038B5A8 /* SDK7-10GbE-K.png */; };
		D91803EB2A61CD310038B5A8 /* SDK5-Shaping_Policing-A.png in Resources */ = {isa = PBXBuildFile; fileRef = D91803792A61CD2F0038B5A8 /* SDK5-Shaping_Policing-A.png */; };
		D91803EC2A61CD310038B5A8 /* SDKb_HenAtsuKi-A.png in Resources */ = {isa = PBXBuildFile; fileRef = D918037A2A61CD2F0038B5A8 /* SDKb_HenAtsuKi-A.png */; };
		D91803ED2A61CD310038B5A8 /* SDKb-SecchiKouji-A.png in Resources */ = {isa = PBXBuildFile; fileRef = D918037B2A61CD2F0038B5A8 /* SDKb-SecchiKouji-A.png */; };
		D91803EE2A61CD310038B5A8 /* SDK7-EthernetFrame-K.png in Resources */ = {isa = PBXBuildFile; fileRef = D918037C2A61CD2F0038B5A8 /* SDK7-EthernetFrame-K.png */; };
		D91803EF2A61CD310038B5A8 /* SDK1_KoukiKensetsuHi_Kyokusen-A.png in Resources */ = {isa = PBXBuildFile; fileRef = D918037D2A61CD2F0038B5A8 /* SDK1_KoukiKensetsuHi_Kyokusen-A.png */; };
		D91803F02A61CD310038B5A8 /* SDK5-EyePattern-K.png in Resources */ = {isa = PBXBuildFile; fileRef = D918037E2A61CD2F0038B5A8 /* SDK5-EyePattern-K.png */; };
		D91803F12A61CD310038B5A8 /* SDK1_SonEkiBunkiTen-K.png in Resources */ = {isa = PBXBuildFile; fileRef = D918037F2A61CD2F0038B5A8 /* SDK1_SonEkiBunkiTen-K.png */; };
		D91803F22A61CD320038B5A8 /* SDK7-SDN_Separate-K.png in Resources */ = {isa = PBXBuildFile; fileRef = D91803802A61CD2F0038B5A8 /* SDK7-SDN_Separate-K.png */; };
		D91803F32A61CD320038B5A8 /* SDK7-SDN_HopByHop_Overlay-A.png in Resources */ = {isa = PBXBuildFile; fileRef = D91803812A61CD2F0038B5A8 /* SDK7-SDN_HopByHop_Overlay-A.png */; };
		D91803F42A61CD320038B5A8 /* SDK7-EthernetFrame_FCS_EColor-K.png in Resources */ = {isa = PBXBuildFile; fileRef = D91803822A61CD2F0038B5A8 /* SDK7-EthernetFrame_FCS_EColor-K.png */; };
		D91803F52A61CD320038B5A8 /* SDK8-IPsec_Mode-K.png in Resources */ = {isa = PBXBuildFile; fileRef = D91803832A61CD2F0038B5A8 /* SDK8-IPsec_Mode-K.png */; };
		D91803F62A61CD320038B5A8 /* SDK5-QPSK_16QAM-A.png in Resources */ = {isa = PBXBuildFile; fileRef = D91803842A61CD2F0038B5A8 /* SDK5-QPSK_16QAM-A.png */; };
		D91803F72A61CD320038B5A8 /* SDK5-ShiftedPSK-A.png in Resources */ = {isa = PBXBuildFile; fileRef = D91803852A61CD2F0038B5A8 /* SDK5-ShiftedPSK-A.png */; };
		D91803F82A61CD320038B5A8 /* SDK3-Cloud_ServiceType-K.png in Resources */ = {isa = PBXBuildFile; fileRef = D91803862A61CD2F0038B5A8 /* SDK3-Cloud_ServiceType-K.png */; };
		D91803F92A61CD320038B5A8 /* SDK1-Histogram-K.png in Resources */ = {isa = PBXBuildFile; fileRef = D91803872A61CD2F0038B5A8 /* SDK1-Histogram-K.png */; };
		D91803FA2A61CD320038B5A8 /* SDK5-Bunsan-A.png in Resources */ = {isa = PBXBuildFile; fileRef = D91803882A61CD2F0038B5A8 /* SDK5-Bunsan-A.png */; };
		D91803FB2A61CD320038B5A8 /* SDK8-IPv6_Tunneling-K.png in Resources */ = {isa = PBXBuildFile; fileRef = D91803892A61CD2F0038B5A8 /* SDK8-IPv6_Tunneling-K.png */; };
		D91803FC2A61CD320038B5A8 /* SDK2-Jouchou-K.png in Resources */ = {isa = PBXBuildFile; fileRef = D918038A2A61CD2F0038B5A8 /* SDK2-Jouchou-K.png */; };
		D91803FD2A61CD320038B5A8 /* SDK7-CAS-K.png in Resources */ = {isa = PBXBuildFile; fileRef = D918038B2A61CD2F0038B5A8 /* SDK7-CAS-K.png */; };
		D91803FE2A61CD320038B5A8 /* SDK5-QPSK-K.png in Resources */ = {isa = PBXBuildFile; fileRef = D918038C2A61CD2F0038B5A8 /* SDK5-QPSK-K.png */; };
		D91803FF2A61CD320038B5A8 /* SDK5Q-BipolerNRZ-K.png in Resources */ = {isa = PBXBuildFile; fileRef = D918038D2A61CD2F0038B5A8 /* SDK5Q-BipolerNRZ-K.png */; };
		D91804002A61CD320038B5A8 /* SDK7-GbE-A.png in Resources */ = {isa = PBXBuildFile; fileRef = D918038E2A61CD2F0038B5A8 /* SDK7-GbE-A.png */; };
		D91804012A61CD320038B5A8 /* SDK7-ROADM-K.png in Resources */ = {isa = PBXBuildFile; fileRef = D918038F2A61CD2F0038B5A8 /* SDK7-ROADM-K.png */; };
		D91804022A61CD320038B5A8 /* SDKb_DenAtasu-K.png in Resources */ = {isa = PBXBuildFile; fileRef = D91803902A61CD2F0038B5A8 /* SDKb_DenAtasu-K.png */; };
		D91804032A61CD320038B5A8 /* SDK1-ShasenShiki-K.png in Resources */ = {isa = PBXBuildFile; fileRef = D91803912A61CD2F0038B5A8 /* SDK1-ShasenShiki-K.png */; };
		D91804042A61CD320038B5A8 /* SDK1-Pareto-A.png in Resources */ = {isa = PBXBuildFile; fileRef = D91803922A61CD2F0038B5A8 /* SDK1-Pareto-A.png */; };
		D91804052A61CD320038B5A8 /* SDK1_ControlChart-K.png in Resources */ = {isa = PBXBuildFile; fileRef = D91803932A61CD2F0038B5A8 /* SDK1_ControlChart-K.png */; };
		D91804062A61CD320038B5A8 /* SDKb_PWM_inverter-K.png in Resources */ = {isa = PBXBuildFile; fileRef = D91803942A61CD2F0038B5A8 /* SDKb_PWM_inverter-K.png */; };
		D91804072A61CD320038B5A8 /* SDK2-FMEA_FTA-K.png in Resources */ = {isa = PBXBuildFile; fileRef = D91803952A61CD2F0038B5A8 /* SDK2-FMEA_FTA-K.png */; };
		D91804082A61CD320038B5A8 /* Util.swift in Sources */ = {isa = PBXBuildFile; fileRef = D91803982A61CD2F0038B5A8 /* Util.swift */; };
		D91804092A61CD320038B5A8 /* String.swift in Sources */ = {isa = PBXBuildFile; fileRef = D91803992A61CD2F0038B5A8 /* String.swift */; };
		D918040A2A61CD320038B5A8 /* SelectionHtml.swift in Sources */ = {isa = PBXBuildFile; fileRef = D918039B2A61CD2F0038B5A8 /* SelectionHtml.swift */; };
		D918040B2A61CD320038B5A8 /* HtmlPage.swift in Sources */ = {isa = PBXBuildFile; fileRef = D918039C2A61CD2F0038B5A8 /* HtmlPage.swift */; };
		D918040C2A61CD320038B5A8 /* CorrectnessHtml.swift in Sources */ = {isa = PBXBuildFile; fileRef = D918039D2A61CD2F0038B5A8 /* CorrectnessHtml.swift */; };
		D918040D2A61CD320038B5A8 /* Repository.swift in Sources */ = {isa = PBXBuildFile; fileRef = D918039E2A61CD2F0038B5A8 /* Repository.swift */; };
		D918040E2A61CD320038B5A8 /* SettingViewController.swift in Sources */ = {isa = PBXBuildFile; fileRef = D91803A02A61CD2F0038B5A8 /* SettingViewController.swift */; };
		D918040F2A61CD320038B5A8 /* WebView.swift in Sources */ = {isa = PBXBuildFile; fileRef = D91803A12A61CD2F0038B5A8 /* WebView.swift */; };
		D91804102A61CD320038B5A8 /* ExamViewController.swift in Sources */ = {isa = PBXBuildFile; fileRef = D91803A22A61CD2F0038B5A8 /* ExamViewController.swift */; };
		D91804112A61CD320038B5A8 /* MessageViewController.swift in Sources */ = {isa = PBXBuildFile; fileRef = D91803A32A61CD2F0038B5A8 /* MessageViewController.swift */; };
		D91804122A61CD320038B5A8 /* Button.swift in Sources */ = {isa = PBXBuildFile; fileRef = D91803A42A61CD2F0038B5A8 /* Button.swift */; };
		D91804132A61CD320038B5A8 /* MenuViewController.swift in Sources */ = {isa = PBXBuildFile; fileRef = D91803A52A61CD2F0038B5A8 /* MenuViewController.swift */; };
		D91804142A61CD320038B5A8 /* CustomViewController.swift in Sources */ = {isa = PBXBuildFile; fileRef = D91803A62A61CD2F0038B5A8 /* CustomViewController.swift */; };
		D91804152A61CD320038B5A8 /* SettingDao.swift in Sources */ = {isa = PBXBuildFile; fileRef = D91803A82A61CD2F0038B5A8 /* SettingDao.swift */; };
		D91804162A61CD320038B5A8 /* ExamUnit.swift in Sources */ = {isa = PBXBuildFile; fileRef = D91803A92A61CD2F0038B5A8 /* ExamUnit.swift */; };
		D91804172A61CD320038B5A8 /* ExamManager.swift in Sources */ = {isa = PBXBuildFile; fileRef = D91803AA2A61CD2F0038B5A8 /* ExamManager.swift */; };
		D91804182A61CD320038B5A8 /* Parser.swift in Sources */ = {isa = PBXBuildFile; fileRef = D91803AB2A61CD2F0038B5A8 /* Parser.swift */; };
		D91804192A61CD320038B5A8 /* TypeCode.swift in Sources */ = {isa = PBXBuildFile; fileRef = D91803AC2A61CD2F0038B5A8 /* TypeCode.swift */; };
		D918041A2A61CD320038B5A8 /* ExamSourceDao.swift in Sources */ = {isa = PBXBuildFile; fileRef = D91803AD2A61CD2F0038B5A8 /* ExamSourceDao.swift */; };
		D918041B2A61CD320038B5A8 /* AppDelegate.swift in Sources */ = {isa = PBXBuildFile; fileRef = D91803AE2A61CD2F0038B5A8 /* AppDelegate.swift */; };
		D918041C2A61CD320038B5A8 /* ExamShugiDenKou.db in Resources */ = {isa = PBXBuildFile; fileRef = D91803AF2A61CD300038B5A8 /* ExamShugiDenKou.db */; };
		D918041D2A61CD320038B5A8 /* Assets.xcassets in Resources */ = {isa = PBXBuildFile; fileRef = D91803B02A61CD300038B5A8 /* Assets.xcassets */; };
		D918041E2A61CD320038B5A8 /* _images.lnk in Resources */ = {isa = PBXBuildFile; fileRef = D91803B22A61CD310038B5A8 /* _images.lnk */; };
		D918041F2A61CD320038B5A8 /* LaunchScreen.storyboard in Resources */ = {isa = PBXBuildFile; fileRef = D91803B42A61CD310038B5A8 /* LaunchScreen.storyboard */; };
		D91804202A61CD320038B5A8 /* Main.storyboard in Resources */ = {isa = PBXBuildFile; fileRef = D91803B62A61CD310038B5A8 /* Main.storyboard */; };
/* End PBXBuildFile section */

/* Begin PBXFileReference section */
		D918032E2A61C1A00038B5A8 /* ExamShugiDenKou.app */ = {isa = PBXFileReference; explicitFileType = wrapper.application; includeInIndex = 0; path = ExamShugiDenKou.app; sourceTree = BUILT_PRODUCTS_DIR; };
		D91803312A61C1A00038B5A8 /* AppDelegate.swift */ = {isa = PBXFileReference; lastKnownFileType = sourcecode.swift; path = AppDelegate.swift; sourceTree = "<group>"; };
		D91803332A61C1A00038B5A8 /* SceneDelegate.swift */ = {isa = PBXFileReference; lastKnownFileType = sourcecode.swift; path = SceneDelegate.swift; sourceTree = "<group>"; };
		D91803352A61C1A00038B5A8 /* ViewController.swift */ = {isa = PBXFileReference; lastKnownFileType = sourcecode.swift; path = ViewController.swift; sourceTree = "<group>"; };
		D91803382A61C1A00038B5A8 /* Base */ = {isa = PBXFileReference; lastKnownFileType = file.storyboard; name = Base; path = Base.lproj/Main.storyboard; sourceTree = "<group>"; };
		D918033A2A61C1A30038B5A8 /* Assets.xcassets */ = {isa = PBXFileReference; lastKnownFileType = folder.assetcatalog; path = Assets.xcassets; sourceTree = "<group>"; };
		D918033D2A61C1A30038B5A8 /* Base */ = {isa = PBXFileReference; lastKnownFileType = file.storyboard; name = Base; path = Base.lproj/LaunchScreen.storyboard; sourceTree = "<group>"; };
		D918033F2A61C1A30038B5A8 /* Info.plist */ = {isa = PBXFileReference; lastKnownFileType = text.plist.xml; path = Info.plist; sourceTree = "<group>"; };
		D91803462A61CD2F0038B5A8 /* SDK5-QPSK_16QAM-K.png */ = {isa = PBXFileReference; lastKnownFileType = image.png; path = "SDK5-QPSK_16QAM-K.png"; sourceTree = "<group>"; };
		D91803472A61CD2F0038B5A8 /* SDK8-IPsec_Mode-A.png */ = {isa = PBXFileReference; lastKnownFileType = image.png; path = "SDK8-IPsec_Mode-A.png"; sourceTree = "<group>"; };
		D91803482A61CD2F0038B5A8 /* SDK5-ShiftedPSK-K.png */ = {isa = PBXFileReference; lastKnownFileType = image.png; path = "SDK5-ShiftedPSK-K.png"; sourceTree = "<group>"; };
		D91803492A61CD2F0038B5A8 /* SDK3-Cloud_ServiceType-A.png */ = {isa = PBXFileReference; lastKnownFileType = image.png; path = "SDK3-Cloud_ServiceType-A.png"; sourceTree = "<group>"; };
		D918034A2A61CD2F0038B5A8 /* SDK1-Histogram-A.png */ = {isa = PBXFileReference; lastKnownFileType = image.png; path = "SDK1-Histogram-A.png"; sourceTree = "<group>"; };
		D918034B2A61CD2F0038B5A8 /* SDK5-Bunsan-K.png */ = {isa = PBXFileReference; lastKnownFileType = image.png; path = "SDK5-Bunsan-K.png"; sourceTree = "<group>"; };
		D918034C2A61CD2F0038B5A8 /* SDK7-SDN_Separate-A.png */ = {isa = PBXFileReference; lastKnownFileType = image.png; path = "SDK7-SDN_Separate-A.png"; sourceTree = "<group>"; };
		D918034D2A61CD2F0038B5A8 /* SDK7-SDN_HopByHop_Overlay-K.png */ = {isa = PBXFileReference; lastKnownFileType = image.png; path = "SDK7-SDN_HopByHop_Overlay-K.png"; sourceTree = "<group>"; };
		D918034E2A61CD2F0038B5A8 /* SDK7-EthernetFrame_FCS_EColor-A.png */ = {isa = PBXFileReference; lastKnownFileType = image.png; path = "SDK7-EthernetFrame_FCS_EColor-A.png"; sourceTree = "<group>"; };
		D918034F2A61CD2F0038B5A8 /* SDK5-QPSK-A.png */ = {isa = PBXFileReference; lastKnownFileType = image.png; path = "SDK5-QPSK-A.png"; sourceTree = "<group>"; };
		D91803502A61CD2F0038B5A8 /* SDK5Q-BipolerNRZ-A.png */ = {isa = PBXFileReference; lastKnownFileType = image.png; path = "SDK5Q-BipolerNRZ-A.png"; sourceTree = "<group>"; };
		D91803512A61CD2F0038B5A8 /* SDK7-GbE-K.png */ = {isa = PBXFileReference; lastKnownFileType = image.png; path = "SDK7-GbE-K.png"; sourceTree = "<group>"; };
		D91803522A61CD2F0038B5A8 /* SDK7-ROADM-A.png */ = {isa = PBXFileReference; lastKnownFileType = image.png; path = "SDK7-ROADM-A.png"; sourceTree = "<group>"; };
		D91803532A61CD2F0038B5A8 /* SDKb_DenAtasu-A.png */ = {isa = PBXFileReference; lastKnownFileType = image.png; path = "SDKb_DenAtasu-A.png"; sourceTree = "<group>"; };
		D91803542A61CD2F0038B5A8 /* SDK1-ShasenShiki-A.png */ = {isa = PBXFileReference; lastKnownFileType = image.png; path = "SDK1-ShasenShiki-A.png"; sourceTree = "<group>"; };
		D91803552A61CD2F0038B5A8 /* SDK1-Pareto-K.png */ = {isa = PBXFileReference; lastKnownFileType = image.png; path = "SDK1-Pareto-K.png"; sourceTree = "<group>"; };
		D91803562A61CD2F0038B5A8 /* SDK1_ControlChart-A.png */ = {isa = PBXFileReference; lastKnownFileType = image.png; path = "SDK1_ControlChart-A.png"; sourceTree = "<group>"; };
		D91803572A61CD2F0038B5A8 /* SDKb_PWM_inverter-A.png */ = {isa = PBXFileReference; lastKnownFileType = image.png; path = "SDKb_PWM_inverter-A.png"; sourceTree = "<group>"; };
		D91803582A61CD2F0038B5A8 /* SDK2-FMEA_FTA-A.png */ = {isa = PBXFileReference; lastKnownFileType = image.png; path = "SDK2-FMEA_FTA-A.png"; sourceTree = "<group>"; };
		D91803592A61CD2F0038B5A8 /* SDK8-IPv6_Tunneling-A.png */ = {isa = PBXFileReference; lastKnownFileType = image.png; path = "SDK8-IPv6_Tunneling-A.png"; sourceTree = "<group>"; };
		D918035A2A61CD2F0038B5A8 /* SDK2-Jouchou-A.png */ = {isa = PBXFileReference; lastKnownFileType = image.png; path = "SDK2-Jouchou-A.png"; sourceTree = "<group>"; };
		D918035B2A61CD2F0038B5A8 /* SDK7-CAS-A.png */ = {isa = PBXFileReference; lastKnownFileType = image.png; path = "SDK7-CAS-A.png"; sourceTree = "<group>"; };
		D918035C2A61CD2F0038B5A8 /* SDK4-HornAnntena-A.png */ = {isa = PBXFileReference; lastKnownFileType = image.png; path = "SDK4-HornAnntena-A.png"; sourceTree = "<group>"; };
		D918035D2A61CD2F0038B5A8 /* SDK8-3WayHandShake-A.png */ = {isa = PBXFileReference; lastKnownFileType = image.png; path = "SDK8-3WayHandShake-A.png"; sourceTree = "<group>"; };
		D918035E2A61CD2F0038B5A8 /* SDK1_ETA-K.png */ = {isa = PBXFileReference; lastKnownFileType = image.png; path = "SDK1_ETA-K.png"; sourceTree = "<group>"; };
		D918035F2A61CD2F0038B5A8 /* SDK7-SDN_Overlay_HopByHop-A.png */ = {isa = PBXFileReference; lastKnownFileType = image.png; path = "SDK7-SDN_Overlay_HopByHop-A.png"; sourceTree = "<group>"; };
		D91803602A61CD2F0038B5A8 /* SDK1-BarChart_GanttChart-K.png */ = {isa = PBXFileReference; lastKnownFileType = image.png; path = "SDK1-BarChart_GanttChart-K.png"; sourceTree = "<group>"; };
		D91803612A61CD2F0038B5A8 /* SDK7-SDN_Layer-K.png */ = {isa = PBXFileReference; lastKnownFileType = image.png; path = "SDK7-SDN_Layer-K.png"; sourceTree = "<group>"; };
		D91803622A61CD2F0038B5A8 /* SDK5_B6ZS-K.png */ = {isa = PBXFileReference; lastKnownFileType = image.png; path = "SDK5_B6ZS-K.png"; sourceTree = "<group>"; };
		D91803632A61CD2F0038B5A8 /* SDK5-AMI-K.png */ = {isa = PBXFileReference; lastKnownFileType = image.png; path = "SDK5-AMI-K.png"; sourceTree = "<group>"; };
		D91803642A61CD2F0038B5A8 /* SDK5-RZ_NRZ-A.png */ = {isa = PBXFileReference; lastKnownFileType = image.png; path = "SDK5-RZ_NRZ-A.png"; sourceTree = "<group>"; };
		D91803652A61CD2F0038B5A8 /* SDKb_HenAtsuKi-K.png */ = {isa = PBXFileReference; lastKnownFileType = image.png; path = "SDKb_HenAtsuKi-K.png"; sourceTree = "<group>"; };
		D91803662A61CD2F0038B5A8 /* SDK7-EthernetFrame-A.png */ = {isa = PBXFileReference; lastKnownFileType = image.png; path = "SDK7-EthernetFrame-A.png"; sourceTree = "<group>"; };
		D91803672A61CD2F0038B5A8 /* SDKb-SecchiKouji-K.png */ = {isa = PBXFileReference; lastKnownFileType = image.png; path = "SDKb-SecchiKouji-K.png"; sourceTree = "<group>"; };
		D91803682A61CD2F0038B5A8 /* SDK1_KoukiKensetsuHi_Kyokusen-K.png */ = {isa = PBXFileReference; lastKnownFileType = image.png; path = "SDK1_KoukiKensetsuHi_Kyokusen-K.png"; sourceTree = "<group>"; };
		D91803692A61CD2F0038B5A8 /* SDK5-EyePattern-A.png */ = {isa = PBXFileReference; lastKnownFileType = image.png; path = "SDK5-EyePattern-A.png"; sourceTree = "<group>"; };
		D918036A2A61CD2F0038B5A8 /* SDK1_SonEkiBunkiTen-A.png */ = {isa = PBXFileReference; lastKnownFileType = image.png; path = "SDK1_SonEkiBunkiTen-A.png"; sourceTree = "<group>"; };
		D918036B2A61CD2F0038B5A8 /* SDKb_SeiryuuHikaku-A.png */ = {isa = PBXFileReference; lastKnownFileType = image.png; path = "SDKb_SeiryuuHikaku-A.png"; sourceTree = "<group>"; };
		D918036C2A61CD2F0038B5A8 /* SDK7-10GbE-A.png */ = {isa = PBXFileReference; lastKnownFileType = image.png; path = "SDK7-10GbE-A.png"; sourceTree = "<group>"; };
		D918036D2A61CD2F0038B5A8 /* SDK5-Shaping_Policing-K.png */ = {isa = PBXFileReference; lastKnownFileType = image.png; path = "SDK5-Shaping_Policing-K.png"; sourceTree = "<group>"; };
		D918036E2A61CD2F0038B5A8 /* SDK5_B6ZS-A.png */ = {isa = PBXFileReference; lastKnownFileType = image.png; path = "SDK5_B6ZS-A.png"; sourceTree = "<group>"; };
		D918036F2A61CD2F0038B5A8 /* SDK5-AMI-A.png */ = {isa = PBXFileReference; lastKnownFileType = image.png; path = "SDK5-AMI-A.png"; sourceTree = "<group>"; };
		D91803702A61CD2F0038B5A8 /* SDK5-RZ_NRZ-K.png */ = {isa = PBXFileReference; lastKnownFileType = image.png; path = "SDK5-RZ_NRZ-K.png"; sourceTree = "<group>"; };
		D91803712A61CD2F0038B5A8 /* SDK8-3WayHandShake-K.png */ = {isa = PBXFileReference; lastKnownFileType = image.png; path = "SDK8-3WayHandShake-K.png"; sourceTree = "<group>"; };
		D91803722A61CD2F0038B5A8 /* SDK4-HornAnntena-K.png */ = {isa = PBXFileReference; lastKnownFileType = image.png; path = "SDK4-HornAnntena-K.png"; sourceTree = "<group>"; };
		D91803732A61CD2F0038B5A8 /* SDK1_ETA-A.png */ = {isa = PBXFileReference; lastKnownFileType = image.png; path = "SDK1_ETA-A.png"; sourceTree = "<group>"; };
		D91803742A61CD2F0038B5A8 /* SDK7-SDN_Overlay_HopByHop-K.png */ = {isa = PBXFileReference; lastKnownFileType = image.png; path = "SDK7-SDN_Overlay_HopByHop-K.png"; sourceTree = "<group>"; };
		D91803752A61CD2F0038B5A8 /* SDK1-BarChart_GanttChart-A.png */ = {isa = PBXFileReference; lastKnownFileType = image.png; path = "SDK1-BarChart_GanttChart-A.png"; sourceTree = "<group>"; };
		D91803762A61CD2F0038B5A8 /* SDK7-SDN_Layer-A.png */ = {isa = PBXFileReference; lastKnownFileType = image.png; path = "SDK7-SDN_Layer-A.png"; sourceTree = "<group>"; };
		D91803772A61CD2F0038B5A8 /* SDKb_SeiryuuHikaku-K.png */ = {isa = PBXFileReference; lastKnownFileType = image.png; path = "SDKb_SeiryuuHikaku-K.png"; sourceTree = "<group>"; };
		D91803782A61CD2F0038B5A8 /* SDK7-10GbE-K.png */ = {isa = PBXFileReference; lastKnownFileType = image.png; path = "SDK7-10GbE-K.png"; sourceTree = "<group>"; };
		D91803792A61CD2F0038B5A8 /* SDK5-Shaping_Policing-A.png */ = {isa = PBXFileReference; lastKnownFileType = image.png; path = "SDK5-Shaping_Policing-A.png"; sourceTree = "<group>"; };
		D918037A2A61CD2F0038B5A8 /* SDKb_HenAtsuKi-A.png */ = {isa = PBXFileReference; lastKnownFileType = image.png; path = "SDKb_HenAtsuKi-A.png"; sourceTree = "<group>"; };
		D918037B2A61CD2F0038B5A8 /* SDKb-SecchiKouji-A.png */ = {isa = PBXFileReference; lastKnownFileType = image.png; path = "SDKb-SecchiKouji-A.png"; sourceTree = "<group>"; };
		D918037C2A61CD2F0038B5A8 /* SDK7-EthernetFrame-K.png */ = {isa = PBXFileReference; lastKnownFileType = image.png; path = "SDK7-EthernetFrame-K.png"; sourceTree = "<group>"; };
		D918037D2A61CD2F0038B5A8 /* SDK1_KoukiKensetsuHi_Kyokusen-A.png */ = {isa = PBXFileReference; lastKnownFileType = image.png; path = "SDK1_KoukiKensetsuHi_Kyokusen-A.png"; sourceTree = "<group>"; };
		D918037E2A61CD2F0038B5A8 /* SDK5-EyePattern-K.png */ = {isa = PBXFileReference; lastKnownFileType = image.png; path = "SDK5-EyePattern-K.png"; sourceTree = "<group>"; };
		D918037F2A61CD2F0038B5A8 /* SDK1_SonEkiBunkiTen-K.png */ = {isa = PBXFileReference; lastKnownFileType = image.png; path = "SDK1_SonEkiBunkiTen-K.png"; sourceTree = "<group>"; };
		D91803802A61CD2F0038B5A8 /* SDK7-SDN_Separate-K.png */ = {isa = PBXFileReference; lastKnownFileType = image.png; path = "SDK7-SDN_Separate-K.png"; sourceTree = "<group>"; };
		D91803812A61CD2F0038B5A8 /* SDK7-SDN_HopByHop_Overlay-A.png */ = {isa = PBXFileReference; lastKnownFileType = image.png; path = "SDK7-SDN_HopByHop_Overlay-A.png"; sourceTree = "<group>"; };
		D91803822A61CD2F0038B5A8 /* SDK7-EthernetFrame_FCS_EColor-K.png */ = {isa = PBXFileReference; lastKnownFileType = image.png; path = "SDK7-EthernetFrame_FCS_EColor-K.png"; sourceTree = "<group>"; };
		D91803832A61CD2F0038B5A8 /* SDK8-IPsec_Mode-K.png */ = {isa = PBXFileReference; lastKnownFileType = image.png; path = "SDK8-IPsec_Mode-K.png"; sourceTree = "<group>"; };
		D91803842A61CD2F0038B5A8 /* SDK5-QPSK_16QAM-A.png */ = {isa = PBXFileReference; lastKnownFileType = image.png; path = "SDK5-QPSK_16QAM-A.png"; sourceTree = "<group>"; };
		D91803852A61CD2F0038B5A8 /* SDK5-ShiftedPSK-A.png */ = {isa = PBXFileReference; lastKnownFileType = image.png; path = "SDK5-ShiftedPSK-A.png"; sourceTree = "<group>"; };
		D91803862A61CD2F0038B5A8 /* SDK3-Cloud_ServiceType-K.png */ = {isa = PBXFileReference; lastKnownFileType = image.png; path = "SDK3-Cloud_ServiceType-K.png"; sourceTree = "<group>"; };
		D91803872A61CD2F0038B5A8 /* SDK1-Histogram-K.png */ = {isa = PBXFileReference; lastKnownFileType = image.png; path = "SDK1-Histogram-K.png"; sourceTree = "<group>"; };
		D91803882A61CD2F0038B5A8 /* SDK5-Bunsan-A.png */ = {isa = PBXFileReference; lastKnownFileType = image.png; path = "SDK5-Bunsan-A.png"; sourceTree = "<group>"; };
		D91803892A61CD2F0038B5A8 /* SDK8-IPv6_Tunneling-K.png */ = {isa = PBXFileReference; lastKnownFileType = image.png; path = "SDK8-IPv6_Tunneling-K.png"; sourceTree = "<group>"; };
		D918038A2A61CD2F0038B5A8 /* SDK2-Jouchou-K.png */ = {isa = PBXFileReference; lastKnownFileType = image.png; path = "SDK2-Jouchou-K.png"; sourceTree = "<group>"; };
		D918038B2A61CD2F0038B5A8 /* SDK7-CAS-K.png */ = {isa = PBXFileReference; lastKnownFileType = image.png; path = "SDK7-CAS-K.png"; sourceTree = "<group>"; };
		D918038C2A61CD2F0038B5A8 /* SDK5-QPSK-K.png */ = {isa = PBXFileReference; lastKnownFileType = image.png; path = "SDK5-QPSK-K.png"; sourceTree = "<group>"; };
		D918038D2A61CD2F0038B5A8 /* SDK5Q-BipolerNRZ-K.png */ = {isa = PBXFileReference; lastKnownFileType = image.png; path = "SDK5Q-BipolerNRZ-K.png"; sourceTree = "<group>"; };
		D918038E2A61CD2F0038B5A8 /* SDK7-GbE-A.png */ = {isa = PBXFileReference; lastKnownFileType = image.png; path = "SDK7-GbE-A.png"; sourceTree = "<group>"; };
		D918038F2A61CD2F0038B5A8 /* SDK7-ROADM-K.png */ = {isa = PBXFileReference; lastKnownFileType = image.png; path = "SDK7-ROADM-K.png"; sourceTree = "<group>"; };
		D91803902A61CD2F0038B5A8 /* SDKb_DenAtasu-K.png */ = {isa = PBXFileReference; lastKnownFileType = image.png; path = "SDKb_DenAtasu-K.png"; sourceTree = "<group>"; };
		D91803912A61CD2F0038B5A8 /* SDK1-ShasenShiki-K.png */ = {isa = PBXFileReference; lastKnownFileType = image.png; path = "SDK1-ShasenShiki-K.png"; sourceTree = "<group>"; };
		D91803922A61CD2F0038B5A8 /* SDK1-Pareto-A.png */ = {isa = PBXFileReference; lastKnownFileType = image.png; path = "SDK1-Pareto-A.png"; sourceTree = "<group>"; };
		D91803932A61CD2F0038B5A8 /* SDK1_ControlChart-K.png */ = {isa = PBXFileReference; lastKnownFileType = image.png; path = "SDK1_ControlChart-K.png"; sourceTree = "<group>"; };
		D91803942A61CD2F0038B5A8 /* SDKb_PWM_inverter-K.png */ = {isa = PBXFileReference; lastKnownFileType = image.png; path = "SDKb_PWM_inverter-K.png"; sourceTree = "<group>"; };
		D91803952A61CD2F0038B5A8 /* SDK2-FMEA_FTA-K.png */ = {isa = PBXFileReference; lastKnownFileType = image.png; path = "SDK2-FMEA_FTA-K.png"; sourceTree = "<group>"; };
		D91803982A61CD2F0038B5A8 /* Util.swift */ = {isa = PBXFileReference; fileEncoding = 4; lastKnownFileType = sourcecode.swift; path = Util.swift; sourceTree = "<group>"; };
		D91803992A61CD2F0038B5A8 /* String.swift */ = {isa = PBXFileReference; fileEncoding = 4; lastKnownFileType = sourcecode.swift; path = String.swift; sourceTree = "<group>"; };
		D918039B2A61CD2F0038B5A8 /* SelectionHtml.swift */ = {isa = PBXFileReference; fileEncoding = 4; lastKnownFileType = sourcecode.swift; path = SelectionHtml.swift; sourceTree = "<group>"; };
		D918039C2A61CD2F0038B5A8 /* HtmlPage.swift */ = {isa = PBXFileReference; fileEncoding = 4; lastKnownFileType = sourcecode.swift; path = HtmlPage.swift; sourceTree = "<group>"; };
		D918039D2A61CD2F0038B5A8 /* CorrectnessHtml.swift */ = {isa = PBXFileReference; fileEncoding = 4; lastKnownFileType = sourcecode.swift; path = CorrectnessHtml.swift; sourceTree = "<group>"; };
		D918039E2A61CD2F0038B5A8 /* Repository.swift */ = {isa = PBXFileReference; fileEncoding = 4; lastKnownFileType = sourcecode.swift; path = Repository.swift; sourceTree = "<group>"; };
		D91803A02A61CD2F0038B5A8 /* SettingViewController.swift */ = {isa = PBXFileReference; fileEncoding = 4; lastKnownFileType = sourcecode.swift; path = SettingViewController.swift; sourceTree = "<group>"; };
		D91803A12A61CD2F0038B5A8 /* WebView.swift */ = {isa = PBXFileReference; fileEncoding = 4; lastKnownFileType = sourcecode.swift; path = WebView.swift; sourceTree = "<group>"; };
		D91803A22A61CD2F0038B5A8 /* ExamViewController.swift */ = {isa = PBXFileReference; fileEncoding = 4; lastKnownFileType = sourcecode.swift; path = ExamViewController.swift; sourceTree = "<group>"; };
		D91803A32A61CD2F0038B5A8 /* MessageViewController.swift */ = {isa = PBXFileReference; fileEncoding = 4; lastKnownFileType = sourcecode.swift; path = MessageViewController.swift; sourceTree = "<group>"; };
		D91803A42A61CD2F0038B5A8 /* Button.swift */ = {isa = PBXFileReference; fileEncoding = 4; lastKnownFileType = sourcecode.swift; path = Button.swift; sourceTree = "<group>"; };
		D91803A52A61CD2F0038B5A8 /* MenuViewController.swift */ = {isa = PBXFileReference; fileEncoding = 4; lastKnownFileType = sourcecode.swift; path = MenuViewController.swift; sourceTree = "<group>"; };
		D91803A62A61CD2F0038B5A8 /* CustomViewController.swift */ = {isa = PBXFileReference; fileEncoding = 4; lastKnownFileType = sourcecode.swift; path = CustomViewController.swift; sourceTree = "<group>"; };
		D91803A82A61CD2F0038B5A8 /* SettingDao.swift */ = {isa = PBXFileReference; fileEncoding = 4; lastKnownFileType = sourcecode.swift; path = SettingDao.swift; sourceTree = "<group>"; };
		D91803A92A61CD2F0038B5A8 /* ExamUnit.swift */ = {isa = PBXFileReference; fileEncoding = 4; lastKnownFileType = sourcecode.swift; path = ExamUnit.swift; sourceTree = "<group>"; };
		D91803AA2A61CD2F0038B5A8 /* ExamManager.swift */ = {isa = PBXFileReference; fileEncoding = 4; lastKnownFileType = sourcecode.swift; path = ExamManager.swift; sourceTree = "<group>"; };
		D91803AB2A61CD2F0038B5A8 /* Parser.swift */ = {isa = PBXFileReference; fileEncoding = 4; lastKnownFileType = sourcecode.swift; path = Parser.swift; sourceTree = "<group>"; };
		D91803AC2A61CD2F0038B5A8 /* TypeCode.swift */ = {isa = PBXFileReference; fileEncoding = 4; lastKnownFileType = sourcecode.swift; path = TypeCode.swift; sourceTree = "<group>"; };
		D91803AD2A61CD2F0038B5A8 /* ExamSourceDao.swift */ = {isa = PBXFileReference; fileEncoding = 4; lastKnownFileType = sourcecode.swift; path = ExamSourceDao.swift; sourceTree = "<group>"; };
		D91803AE2A61CD2F0038B5A8 /* AppDelegate.swift */ = {isa = PBXFileReference; fileEncoding = 4; lastKnownFileType = sourcecode.swift; path = AppDelegate.swift; sourceTree = "<group>"; };
		D91803AF2A61CD300038B5A8 /* ExamShugiDenKou.db */ = {isa = PBXFileReference; lastKnownFileType = file; path = ExamShugiDenKou.db; sourceTree = "<group>"; };
		D91803B02A61CD300038B5A8 /* Assets.xcassets */ = {isa = PBXFileReference; lastKnownFileType = folder.assetcatalog; path = Assets.xcassets; sourceTree = "<group>"; };
		D91803B22A61CD310038B5A8 /* _images.lnk */ = {isa = PBXFileReference; lastKnownFileType = file; path = _images.lnk; sourceTree = "<group>"; };
		D91803B52A61CD310038B5A8 /* Base */ = {isa = PBXFileReference; lastKnownFileType = file.storyboard; name = Base; path = LaunchScreen.storyboard; sourceTree = "<group>"; };
		D91803B72A61CD310038B5A8 /* Base */ = {isa = PBXFileReference; lastKnownFileType = file.storyboard; name = Base; path = Main.storyboard; sourceTree = "<group>"; };
/* End PBXFileReference section */

/* Begin PBXFrameworksBuildPhase section */
		D918032B2A61C1A00038B5A8 /* Frameworks */ = {
			isa = PBXFrameworksBuildPhase;
			buildActionMask = 2147483647;
			files = (
			);
			runOnlyForDeploymentPostprocessing = 0;
		};
/* End PBXFrameworksBuildPhase section */

/* Begin PBXGroup section */
		D91803252A61C1A00038B5A8 = {
			isa = PBXGroup;
			children = (
				D91803302A61C1A00038B5A8 /* ExamShugiDenKou */,
				D918032F2A61C1A00038B5A8 /* Products */,
			);
			sourceTree = "<group>";
		};
		D918032F2A61C1A00038B5A8 /* Products */ = {
			isa = PBXGroup;
			children = (
				D918032E2A61C1A00038B5A8 /* ExamShugiDenKou.app */,
			);
			name = Products;
			sourceTree = "<group>";
		};
		D91803302A61C1A00038B5A8 /* ExamShugiDenKou */ = {
			isa = PBXGroup;
			children = (
				D91803B02A61CD300038B5A8 /* Assets.xcassets */,
				D91803B32A61CD310038B5A8 /* Base.lproj */,
				D91803AF2A61CD300038B5A8 /* ExamShugiDenKou.db */,
				D91803B12A61CD310038B5A8 /* images */,
				D91803452A61CD2F0038B5A8 /* shugi_densou_koukan */,
				D91803962A61CD2F0038B5A8 /* src */,
				D91803312A61C1A00038B5A8 /* AppDelegate.swift */,
				D91803332A61C1A00038B5A8 /* SceneDelegate.swift */,
				D91803352A61C1A00038B5A8 /* ViewController.swift */,
				D91803372A61C1A00038B5A8 /* Main.storyboard */,
				D918033A2A61C1A30038B5A8 /* Assets.xcassets */,
				D918033C2A61C1A30038B5A8 /* LaunchScreen.storyboard */,
				D918033F2A61C1A30038B5A8 /* Info.plist */,
			);
			path = ExamShugiDenKou;
			sourceTree = "<group>";
		};
		D91803452A61CD2F0038B5A8 /* shugi_densou_koukan */ = {
			isa = PBXGroup;
			children = (
				D91803462A61CD2F0038B5A8 /* SDK5-QPSK_16QAM-K.png */,
				D91803472A61CD2F0038B5A8 /* SDK8-IPsec_Mode-A.png */,
				D91803482A61CD2F0038B5A8 /* SDK5-ShiftedPSK-K.png */,
				D91803492A61CD2F0038B5A8 /* SDK3-Cloud_ServiceType-A.png */,
				D918034A2A61CD2F0038B5A8 /* SDK1-Histogram-A.png */,
				D918034B2A61CD2F0038B5A8 /* SDK5-Bunsan-K.png */,
				D918034C2A61CD2F0038B5A8 /* SDK7-SDN_Separate-A.png */,
				D918034D2A61CD2F0038B5A8 /* SDK7-SDN_HopByHop_Overlay-K.png */,
				D918034E2A61CD2F0038B5A8 /* SDK7-EthernetFrame_FCS_EColor-A.png */,
				D918034F2A61CD2F0038B5A8 /* SDK5-QPSK-A.png */,
				D91803502A61CD2F0038B5A8 /* SDK5Q-BipolerNRZ-A.png */,
				D91803512A61CD2F0038B5A8 /* SDK7-GbE-K.png */,
				D91803522A61CD2F0038B5A8 /* SDK7-ROADM-A.png */,
				D91803532A61CD2F0038B5A8 /* SDKb_DenAtasu-A.png */,
				D91803542A61CD2F0038B5A8 /* SDK1-ShasenShiki-A.png */,
				D91803552A61CD2F0038B5A8 /* SDK1-Pareto-K.png */,
				D91803562A61CD2F0038B5A8 /* SDK1_ControlChart-A.png */,
				D91803572A61CD2F0038B5A8 /* SDKb_PWM_inverter-A.png */,
				D91803582A61CD2F0038B5A8 /* SDK2-FMEA_FTA-A.png */,
				D91803592A61CD2F0038B5A8 /* SDK8-IPv6_Tunneling-A.png */,
				D918035A2A61CD2F0038B5A8 /* SDK2-Jouchou-A.png */,
				D918035B2A61CD2F0038B5A8 /* SDK7-CAS-A.png */,
				D918035C2A61CD2F0038B5A8 /* SDK4-HornAnntena-A.png */,
				D918035D2A61CD2F0038B5A8 /* SDK8-3WayHandShake-A.png */,
				D918035E2A61CD2F0038B5A8 /* SDK1_ETA-K.png */,
				D918035F2A61CD2F0038B5A8 /* SDK7-SDN_Overlay_HopByHop-A.png */,
				D91803602A61CD2F0038B5A8 /* SDK1-BarChart_GanttChart-K.png */,
				D91803612A61CD2F0038B5A8 /* SDK7-SDN_Layer-K.png */,
				D91803622A61CD2F0038B5A8 /* SDK5_B6ZS-K.png */,
				D91803632A61CD2F0038B5A8 /* SDK5-AMI-K.png */,
				D91803642A61CD2F0038B5A8 /* SDK5-RZ_NRZ-A.png */,
				D91803652A61CD2F0038B5A8 /* SDKb_HenAtsuKi-K.png */,
				D91803662A61CD2F0038B5A8 /* SDK7-EthernetFrame-A.png */,
				D91803672A61CD2F0038B5A8 /* SDKb-SecchiKouji-K.png */,
				D91803682A61CD2F0038B5A8 /* SDK1_KoukiKensetsuHi_Kyokusen-K.png */,
				D91803692A61CD2F0038B5A8 /* SDK5-EyePattern-A.png */,
				D918036A2A61CD2F0038B5A8 /* SDK1_SonEkiBunkiTen-A.png */,
				D918036B2A61CD2F0038B5A8 /* SDKb_SeiryuuHikaku-A.png */,
				D918036C2A61CD2F0038B5A8 /* SDK7-10GbE-A.png */,
				D918036D2A61CD2F0038B5A8 /* SDK5-Shaping_Policing-K.png */,
				D918036E2A61CD2F0038B5A8 /* SDK5_B6ZS-A.png */,
				D918036F2A61CD2F0038B5A8 /* SDK5-AMI-A.png */,
				D91803702A61CD2F0038B5A8 /* SDK5-RZ_NRZ-K.png */,
				D91803712A61CD2F0038B5A8 /* SDK8-3WayHandShake-K.png */,
				D91803722A61CD2F0038B5A8 /* SDK4-HornAnntena-K.png */,
				D91803732A61CD2F0038B5A8 /* SDK1_ETA-A.png */,
				D91803742A61CD2F0038B5A8 /* SDK7-SDN_Overlay_HopByHop-K.png */,
				D91803752A61CD2F0038B5A8 /* SDK1-BarChart_GanttChart-A.png */,
				D91803762A61CD2F0038B5A8 /* SDK7-SDN_Layer-A.png */,
				D91803772A61CD2F0038B5A8 /* SDKb_SeiryuuHikaku-K.png */,
				D91803782A61CD2F0038B5A8 /* SDK7-10GbE-K.png */,
				D91803792A61CD2F0038B5A8 /* SDK5-Shaping_Policing-A.png */,
				D918037A2A61CD2F0038B5A8 /* SDKb_HenAtsuKi-A.png */,
				D918037B2A61CD2F0038B5A8 /* SDKb-SecchiKouji-A.png */,
				D918037C2A61CD2F0038B5A8 /* SDK7-EthernetFrame-K.png */,
				D918037D2A61CD2F0038B5A8 /* SDK1_KoukiKensetsuHi_Kyokusen-A.png */,
				D918037E2A61CD2F0038B5A8 /* SDK5-EyePattern-K.png */,
				D918037F2A61CD2F0038B5A8 /* SDK1_SonEkiBunkiTen-K.png */,
				D91803802A61CD2F0038B5A8 /* SDK7-SDN_Separate-K.png */,
				D91803812A61CD2F0038B5A8 /* SDK7-SDN_HopByHop_Overlay-A.png */,
				D91803822A61CD2F0038B5A8 /* SDK7-EthernetFrame_FCS_EColor-K.png */,
				D91803832A61CD2F0038B5A8 /* SDK8-IPsec_Mode-K.png */,
				D91803842A61CD2F0038B5A8 /* SDK5-QPSK_16QAM-A.png */,
				D91803852A61CD2F0038B5A8 /* SDK5-ShiftedPSK-A.png */,
				D91803862A61CD2F0038B5A8 /* SDK3-Cloud_ServiceType-K.png */,
				D91803872A61CD2F0038B5A8 /* SDK1-Histogram-K.png */,
				D91803882A61CD2F0038B5A8 /* SDK5-Bunsan-A.png */,
				D91803892A61CD2F0038B5A8 /* SDK8-IPv6_Tunneling-K.png */,
				D918038A2A61CD2F0038B5A8 /* SDK2-Jouchou-K.png */,
				D918038B2A61CD2F0038B5A8 /* SDK7-CAS-K.png */,
				D918038C2A61CD2F0038B5A8 /* SDK5-QPSK-K.png */,
				D918038D2A61CD2F0038B5A8 /* SDK5Q-BipolerNRZ-K.png */,
				D918038E2A61CD2F0038B5A8 /* SDK7-GbE-A.png */,
				D918038F2A61CD2F0038B5A8 /* SDK7-ROADM-K.png */,
				D91803902A61CD2F0038B5A8 /* SDKb_DenAtasu-K.png */,
				D91803912A61CD2F0038B5A8 /* SDK1-ShasenShiki-K.png */,
				D91803922A61CD2F0038B5A8 /* SDK1-Pareto-A.png */,
				D91803932A61CD2F0038B5A8 /* SDK1_ControlChart-K.png */,
				D91803942A61CD2F0038B5A8 /* SDKb_PWM_inverter-K.png */,
				D91803952A61CD2F0038B5A8 /* SDK2-FMEA_FTA-K.png */,
			);
			path = shugi_densou_koukan;
			sourceTree = "<group>";
		};
		D91803962A61CD2F0038B5A8 /* src */ = {
			isa = PBXGroup;
			children = (
				D91803972A61CD2F0038B5A8 /* Util */,
				D918039A2A61CD2F0038B5A8 /* Html */,
				D918039E2A61CD2F0038B5A8 /* Repository.swift */,
				D918039F2A61CD2F0038B5A8 /* VIew */,
				D91803A72A61CD2F0038B5A8 /* Exam */,
				D91803AE2A61CD2F0038B5A8 /* AppDelegate.swift */,
			);
			path = src;
			sourceTree = "<group>";
		};
		D91803972A61CD2F0038B5A8 /* Util */ = {
			isa = PBXGroup;
			children = (
				D91803982A61CD2F0038B5A8 /* Util.swift */,
				D91803992A61CD2F0038B5A8 /* String.swift */,
			);
			path = Util;
			sourceTree = "<group>";
		};
		D918039A2A61CD2F0038B5A8 /* Html */ = {
			isa = PBXGroup;
			children = (
				D918039B2A61CD2F0038B5A8 /* SelectionHtml.swift */,
				D918039C2A61CD2F0038B5A8 /* HtmlPage.swift */,
				D918039D2A61CD2F0038B5A8 /* CorrectnessHtml.swift */,
			);
			path = Html;
			sourceTree = "<group>";
		};
		D918039F2A61CD2F0038B5A8 /* VIew */ = {
			isa = PBXGroup;
			children = (
				D91803A02A61CD2F0038B5A8 /* SettingViewController.swift */,
				D91803A12A61CD2F0038B5A8 /* WebView.swift */,
				D91803A22A61CD2F0038B5A8 /* ExamViewController.swift */,
				D91803A32A61CD2F0038B5A8 /* MessageViewController.swift */,
				D91803A42A61CD2F0038B5A8 /* Button.swift */,
				D91803A52A61CD2F0038B5A8 /* MenuViewController.swift */,
				D91803A62A61CD2F0038B5A8 /* CustomViewController.swift */,
			);
			path = VIew;
			sourceTree = "<group>";
		};
		D91803A72A61CD2F0038B5A8 /* Exam */ = {
			isa = PBXGroup;
			children = (
				D91803A82A61CD2F0038B5A8 /* SettingDao.swift */,
				D91803A92A61CD2F0038B5A8 /* ExamUnit.swift */,
				D91803AA2A61CD2F0038B5A8 /* ExamManager.swift */,
				D91803AB2A61CD2F0038B5A8 /* Parser.swift */,
				D91803AC2A61CD2F0038B5A8 /* TypeCode.swift */,
				D91803AD2A61CD2F0038B5A8 /* ExamSourceDao.swift */,
			);
			path = Exam;
			sourceTree = "<group>";
		};
		D91803B12A61CD310038B5A8 /* images */ = {
			isa = PBXGroup;
			children = (
				D91803B22A61CD310038B5A8 /* _images.lnk */,
			);
			path = images;
			sourceTree = "<group>";
		};
		D91803B32A61CD310038B5A8 /* Base.lproj */ = {
			isa = PBXGroup;
			children = (
				D91803B42A61CD310038B5A8 /* LaunchScreen.storyboard */,
				D91803B62A61CD310038B5A8 /* Main.storyboard */,
			);
			path = Base.lproj;
			sourceTree = "<group>";
		};
/* End PBXGroup section */

/* Begin PBXNativeTarget section */
		D918032D2A61C1A00038B5A8 /* ExamShugiDenKou */ = {
			isa = PBXNativeTarget;
			buildConfigurationList = D91803422A61C1A30038B5A8 /* Build configuration list for PBXNativeTarget "ExamShugiDenKou" */;
			buildPhases = (
				D918032A2A61C1A00038B5A8 /* Sources */,
				D918032B2A61C1A00038B5A8 /* Frameworks */,
				D918032C2A61C1A00038B5A8 /* Resources */,
			);
			buildRules = (
			);
			dependencies = (
			);
			name = ExamShugiDenKou;
			productName = ExamShugiDenKou;
			productReference = D918032E2A61C1A00038B5A8 /* ExamShugiDenKou.app */;
			productType = "com.apple.product-type.application";
		};
/* End PBXNativeTarget section */

/* Begin PBXProject section */
		D91803262A61C1A00038B5A8 /* Project object */ = {
			isa = PBXProject;
			attributes = {
				BuildIndependentTargetsInParallel = 1;
				LastSwiftUpdateCheck = 1430;
				LastUpgradeCheck = 1430;
				TargetAttributes = {
					D918032D2A61C1A00038B5A8 = {
						CreatedOnToolsVersion = 14.3.1;
					};
				};
			};
			buildConfigurationList = D91803292A61C1A00038B5A8 /* Build configuration list for PBXProject "ExamShugiDenKou" */;
			compatibilityVersion = "Xcode 14.0";
			developmentRegion = en;
			hasScannedForEncodings = 0;
			knownRegions = (
				en,
				Base,
			);
			mainGroup = D91803252A61C1A00038B5A8;
			productRefGroup = D918032F2A61C1A00038B5A8 /* Products */;
			projectDirPath = "";
			projectRoot = "";
			targets = (
				D918032D2A61C1A00038B5A8 /* ExamShugiDenKou */,
			);
		};
/* End PBXProject section */

/* Begin PBXResourcesBuildPhase section */
		D918032C2A61C1A00038B5A8 /* Resources */ = {
			isa = PBXResourcesBuildPhase;
			buildActionMask = 2147483647;
			files = (
				D91803F72A61CD320038B5A8 /* SDK5-ShiftedPSK-A.png in Resources */,
				D91803CB2A61CD310038B5A8 /* SDK8-IPv6_Tunneling-A.png in Resources */,
				D91803CD2A61CD310038B5A8 /* SDK7-CAS-A.png in Resources */,
				D91803CC2A61CD310038B5A8 /* SDK2-Jouchou-A.png in Resources */,
				D91803D12A61CD310038B5A8 /* SDK7-SDN_Overlay_HopByHop-A.png in Resources */,
				D91803E82A61CD310038B5A8 /* SDK7-SDN_Layer-A.png in Resources */,
				D91803EF2A61CD310038B5A8 /* SDK1_KoukiKensetsuHi_Kyokusen-A.png in Resources */,
				D91803C52A61CD310038B5A8 /* SDKb_DenAtasu-A.png in Resources */,
				D91803D72A61CD310038B5A8 /* SDKb_HenAtsuKi-K.png in Resources */,
				D91803D22A61CD310038B5A8 /* SDK1-BarChart_GanttChart-K.png in Resources */,
				D91803C12A61CD310038B5A8 /* SDK5-QPSK-A.png in Resources */,
				D91803BF2A61CD310038B5A8 /* SDK7-SDN_HopByHop_Overlay-K.png in Resources */,
				D91803B82A61CD310038B5A8 /* SDK5-QPSK_16QAM-K.png in Resources */,
				D91803E62A61CD310038B5A8 /* SDK7-SDN_Overlay_HopByHop-K.png in Resources */,
				D91803BA2A61CD310038B5A8 /* SDK5-ShiftedPSK-K.png in Resources */,
				D91804032A61CD320038B5A8 /* SDK1-ShasenShiki-K.png in Resources */,
				D91803B92A61CD310038B5A8 /* SDK8-IPsec_Mode-A.png in Resources */,
				D91803BC2A61CD310038B5A8 /* SDK1-Histogram-A.png in Resources */,
				D918041F2A61CD320038B5A8 /* LaunchScreen.storyboard in Resources */,
				D91803FE2A61CD320038B5A8 /* SDK5-QPSK-K.png in Resources */,
				D91803E12A61CD310038B5A8 /* SDK5-AMI-A.png in Resources */,
				D91803BB2A61CD310038B5A8 /* SDK3-Cloud_ServiceType-A.png in Resources */,
				D91803CF2A61CD310038B5A8 /* SDK8-3WayHandShake-A.png in Resources */,
				D91803C02A61CD310038B5A8 /* SDK7-EthernetFrame_FCS_EColor-A.png in Resources */,
				D91803C92A61CD310038B5A8 /* SDKb_PWM_inverter-A.png in Resources */,
				D91803F52A61CD320038B5A8 /* SDK8-IPsec_Mode-K.png in Resources */,
				D91803BD2A61CD310038B5A8 /* SDK5-Bunsan-K.png in Resources */,
				D91804202A61CD320038B5A8 /* Main.storyboard in Resources */,
				D91803E22A61CD310038B5A8 /* SDK5-RZ_NRZ-K.png in Resources */,
				D91803FA2A61CD320038B5A8 /* SDK5-Bunsan-A.png in Resources */,
				D918033E2A61C1A30038B5A8 /* LaunchScreen.storyboard in Resources */,
				D91803F82A61CD320038B5A8 /* SDK3-Cloud_ServiceType-K.png in Resources */,
				D91803D52A61CD310038B5A8 /* SDK5-AMI-K.png in Resources */,
				D91803C62A61CD310038B5A8 /* SDK1-ShasenShiki-A.png in Resources */,
				D91803E72A61CD310038B5A8 /* SDK1-BarChart_GanttChart-A.png in Resources */,
				D91804012A61CD320038B5A8 /* SDK7-ROADM-K.png in Resources */,
				D91803DC2A61CD310038B5A8 /* SDK1_SonEkiBunkiTen-A.png in Resources */,
				D91803F12A61CD310038B5A8 /* SDK1_SonEkiBunkiTen-K.png in Resources */,
				D91803F32A61CD320038B5A8 /* SDK7-SDN_HopByHop_Overlay-A.png in Resources */,
				D91803DB2A61CD310038B5A8 /* SDK5-EyePattern-A.png in Resources */,
				D91803FF2A61CD320038B5A8 /* SDK5Q-BipolerNRZ-K.png in Resources */,
				D91803EC2A61CD310038B5A8 /* SDKb_HenAtsuKi-A.png in Resources */,
				D91803EE2A61CD310038B5A8 /* SDK7-EthernetFrame-K.png in Resources */,
				D91803DD2A61CD310038B5A8 /* SDKb_SeiryuuHikaku-A.png in Resources */,
				D91803CE2A61CD310038B5A8 /* SDK4-HornAnntena-A.png in Resources */,
				D918041C2A61CD320038B5A8 /* ExamShugiDenKou.db in Resources */,
				D91803E32A61CD310038B5A8 /* SDK8-3WayHandShake-K.png in Resources */,
				D91803F92A61CD320038B5A8 /* SDK1-Histogram-K.png in Resources */,
				D91803DA2A61CD310038B5A8 /* SDK1_KoukiKensetsuHi_Kyokusen-K.png in Resources */,
				D91804052A61CD320038B5A8 /* SDK1_ControlChart-K.png in Resources */,
				D91803D92A61CD310038B5A8 /* SDKb-SecchiKouji-K.png in Resources */,
				D91803C72A61CD310038B5A8 /* SDK1-Pareto-K.png in Resources */,
				D91803D42A61CD310038B5A8 /* SDK5_B6ZS-K.png in Resources */,
				D91803F22A61CD320038B5A8 /* SDK7-SDN_Separate-K.png in Resources */,
				D91803E42A61CD310038B5A8 /* SDK4-HornAnntena-K.png in Resources */,
				D91804022A61CD320038B5A8 /* SDKb_DenAtasu-K.png in Resources */,
				D91803C82A61CD310038B5A8 /* SDK1_ControlChart-A.png in Resources */,
				D91803FB2A61CD320038B5A8 /* SDK8-IPv6_Tunneling-K.png in Resources */,
				D91804002A61CD320038B5A8 /* SDK7-GbE-A.png in Resources */,
				D91803DF2A61CD310038B5A8 /* SDK5-Shaping_Policing-K.png in Resources */,
				D91803FD2A61CD320038B5A8 /* SDK7-CAS-K.png in Resources */,
				D91803C42A61CD310038B5A8 /* SDK7-ROADM-A.png in Resources */,
				D91804072A61CD320038B5A8 /* SDK2-FMEA_FTA-K.png in Resources */,
				D91803FC2A61CD320038B5A8 /* SDK2-Jouchou-K.png in Resources */,
				D91803D02A61CD310038B5A8 /* SDK1_ETA-K.png in Resources */,
				D918041E2A61CD320038B5A8 /* _images.lnk in Resources */,
				D91803BE2A61CD310038B5A8 /* SDK7-SDN_Separate-A.png in Resources */,
				D91803E92A61CD310038B5A8 /* SDKb_SeiryuuHikaku-K.png in Resources */,
				D91803C32A61CD310038B5A8 /* SDK7-GbE-K.png in Resources */,
				D91803E02A61CD310038B5A8 /* SDK5_B6ZS-A.png in Resources */,
				D91803DE2A61CD310038B5A8 /* SDK7-10GbE-A.png in Resources */,
				D91803F62A61CD320038B5A8 /* SDK5-QPSK_16QAM-A.png in Resources */,
				D91803EB2A61CD310038B5A8 /* SDK5-Shaping_Policing-A.png in Resources */,
				D91803D32A61CD310038B5A8 /* SDK7-SDN_Layer-K.png in Resources */,
				D91803EA2A61CD310038B5A8 /* SDK7-10GbE-K.png in Resources */,
				D91803CA2A61CD310038B5A8 /* SDK2-FMEA_FTA-A.png in Resources */,
				D918033B2A61C1A30038B5A8 /* Assets.xcassets in Resources */,
				D918041D2A61CD320038B5A8 /* Assets.xcassets in Resources */,
				D91803392A61C1A00038B5A8 /* Main.storyboard in Resources */,
				D91803ED2A61CD310038B5A8 /* SDKb-SecchiKouji-A.png in Resources */,
				D91803D82A61CD310038B5A8 /* SDK7-EthernetFrame-A.png in Resources */,
				D91803C22A61CD310038B5A8 /* SDK5Q-BipolerNRZ-A.png in Resources */,
				D91803F42A61CD320038B5A8 /* SDK7-EthernetFrame_FCS_EColor-K.png in Resources */,
				D91804062A61CD320038B5A8 /* SDKb_PWM_inverter-K.png in Resources */,
				D91803F02A61CD310038B5A8 /* SDK5-EyePattern-K.png in Resources */,
				D91804042A61CD320038B5A8 /* SDK1-Pareto-A.png in Resources */,
				D91803E52A61CD310038B5A8 /* SDK1_ETA-A.png in Resources */,
				D91803D62A61CD310038B5A8 /* SDK5-RZ_NRZ-A.png in Resources */,
			);
			runOnlyForDeploymentPostprocessing = 0;
		};
/* End PBXResourcesBuildPhase section */

/* Begin PBXSourcesBuildPhase section */
		D918032A2A61C1A00038B5A8 /* Sources */ = {
			isa = PBXSourcesBuildPhase;
			buildActionMask = 2147483647;
			files = (
				D918040C2A61CD320038B5A8 /* CorrectnessHtml.swift in Sources */,
				D91804132A61CD320038B5A8 /* MenuViewController.swift in Sources */,
				D91804112A61CD320038B5A8 /* MessageViewController.swift in Sources */,
				D91803362A61C1A00038B5A8 /* ViewController.swift in Sources */,
				D91803322A61C1A00038B5A8 /* AppDelegate.swift in Sources */,
				D91804092A61CD320038B5A8 /* String.swift in Sources */,
				D91804162A61CD320038B5A8 /* ExamUnit.swift in Sources */,
				D918040B2A61CD320038B5A8 /* HtmlPage.swift in Sources */,
				D91804102A61CD320038B5A8 /* ExamViewController.swift in Sources */,
				D91804122A61CD320038B5A8 /* Button.swift in Sources */,
				D918041A2A61CD320038B5A8 /* ExamSourceDao.swift in Sources */,
				D918040E2A61CD320038B5A8 /* SettingViewController.swift in Sources */,
				D91803342A61C1A00038B5A8 /* SceneDelegate.swift in Sources */,
				D91804182A61CD320038B5A8 /* Parser.swift in Sources */,
				D91804172A61CD320038B5A8 /* ExamManager.swift in Sources */,
				D91804082A61CD320038B5A8 /* Util.swift in Sources */,
				D918040A2A61CD320038B5A8 /* SelectionHtml.swift in Sources */,
				D91804192A61CD320038B5A8 /* TypeCode.swift in Sources */,
				D918040D2A61CD320038B5A8 /* Repository.swift in Sources */,
				D91804152A61CD320038B5A8 /* SettingDao.swift in Sources */,
				D918040F2A61CD320038B5A8 /* WebView.swift in Sources */,
				D91804142A61CD320038B5A8 /* CustomViewController.swift in Sources */,
				D918041B2A61CD320038B5A8 /* AppDelegate.swift in Sources */,
			);
			runOnlyForDeploymentPostprocessing = 0;
		};
/* End PBXSourcesBuildPhase section */

/* Begin PBXVariantGroup section */
		D91803372A61C1A00038B5A8 /* Main.storyboard */ = {
			isa = PBXVariantGroup;
			children = (
				D91803382A61C1A00038B5A8 /* Base */,
			);
			name = Main.storyboard;
			sourceTree = "<group>";
		};
		D918033C2A61C1A30038B5A8 /* LaunchScreen.storyboard */ = {
			isa = PBXVariantGroup;
			children = (
				D918033D2A61C1A30038B5A8 /* Base */,
			);
			name = LaunchScreen.storyboard;
			sourceTree = "<group>";
		};
		D91803B42A61CD310038B5A8 /* LaunchScreen.storyboard */ = {
			isa = PBXVariantGroup;
			children = (
				D91803B52A61CD310038B5A8 /* Base */,
			);
			name = LaunchScreen.storyboard;
			sourceTree = "<group>";
		};
		D91803B62A61CD310038B5A8 /* Main.storyboard */ = {
			isa = PBXVariantGroup;
			children = (
				D91803B72A61CD310038B5A8 /* Base */,
			);
			name = Main.storyboard;
			sourceTree = "<group>";
		};
/* End PBXVariantGroup section */

/* Begin XCBuildConfiguration section */
		D91803402A61C1A30038B5A8 /* Debug */ = {
			isa = XCBuildConfiguration;
			buildSettings = {
				ALWAYS_SEARCH_USER_PATHS = NO;
				CLANG_ANALYZER_NONNULL = YES;
				CLANG_ANALYZER_NUMBER_OBJECT_CONVERSION = YES_AGGRESSIVE;
				CLANG_CXX_LANGUAGE_STANDARD = "gnu++20";
				CLANG_ENABLE_MODULES = YES;
				CLANG_ENABLE_OBJC_ARC = YES;
				CLANG_ENABLE_OBJC_WEAK = YES;
				CLANG_WARN_BLOCK_CAPTURE_AUTORELEASING = YES;
				CLANG_WARN_BOOL_CONVERSION = YES;
				CLANG_WARN_COMMA = YES;
				CLANG_WARN_CONSTANT_CONVERSION = YES;
				CLANG_WARN_DEPRECATED_OBJC_IMPLEMENTATIONS = YES;
				CLANG_WARN_DIRECT_OBJC_ISA_USAGE = YES_ERROR;
				CLANG_WARN_DOCUMENTATION_COMMENTS = YES;
				CLANG_WARN_EMPTY_BODY = YES;
				CLANG_WARN_ENUM_CONVERSION = YES;
				CLANG_WARN_INFINITE_RECURSION = YES;
				CLANG_WARN_INT_CONVERSION = YES;
				CLANG_WARN_NON_LITERAL_NULL_CONVERSION = YES;
				CLANG_WARN_OBJC_IMPLICIT_RETAIN_SELF = YES;
				CLANG_WARN_OBJC_LITERAL_CONVERSION = YES;
				CLANG_WARN_OBJC_ROOT_CLASS = YES_ERROR;
				CLANG_WARN_QUOTED_INCLUDE_IN_FRAMEWORK_HEADER = YES;
				CLANG_WARN_RANGE_LOOP_ANALYSIS = YES;
				CLANG_WARN_STRICT_PROTOTYPES = YES;
				CLANG_WARN_SUSPICIOUS_MOVE = YES;
				CLANG_WARN_UNGUARDED_AVAILABILITY = YES_AGGRESSIVE;
				CLANG_WARN_UNREACHABLE_CODE = YES;
				CLANG_WARN__DUPLICATE_METHOD_MATCH = YES;
				COPY_PHASE_STRIP = NO;
				DEBUG_INFORMATION_FORMAT = dwarf;
				ENABLE_STRICT_OBJC_MSGSEND = YES;
				ENABLE_TESTABILITY = YES;
				GCC_C_LANGUAGE_STANDARD = gnu11;
				GCC_DYNAMIC_NO_PIC = NO;
				GCC_NO_COMMON_BLOCKS = YES;
				GCC_OPTIMIZATION_LEVEL = 0;
				GCC_PREPROCESSOR_DEFINITIONS = (
					"DEBUG=1",
					"$(inherited)",
				);
				GCC_WARN_64_TO_32_BIT_CONVERSION = YES;
				GCC_WARN_ABOUT_RETURN_TYPE = YES_ERROR;
				GCC_WARN_UNDECLARED_SELECTOR = YES;
				GCC_WARN_UNINITIALIZED_AUTOS = YES_AGGRESSIVE;
				GCC_WARN_UNUSED_FUNCTION = YES;
				GCC_WARN_UNUSED_VARIABLE = YES;
				IPHONEOS_DEPLOYMENT_TARGET = 16.4;
				MTL_ENABLE_DEBUG_INFO = INCLUDE_SOURCE;
				MTL_FAST_MATH = YES;
				ONLY_ACTIVE_ARCH = YES;
				SDKROOT = iphoneos;
				SWIFT_ACTIVE_COMPILATION_CONDITIONS = DEBUG;
				SWIFT_OPTIMIZATION_LEVEL = "-Onone";
			};
			name = Debug;
		};
		D91803412A61C1A30038B5A8 /* Release */ = {
			isa = XCBuildConfiguration;
			buildSettings = {
				ALWAYS_SEARCH_USER_PATHS = NO;
				CLANG_ANALYZER_NONNULL = YES;
				CLANG_ANALYZER_NUMBER_OBJECT_CONVERSION = YES_AGGRESSIVE;
				CLANG_CXX_LANGUAGE_STANDARD = "gnu++20";
				CLANG_ENABLE_MODULES = YES;
				CLANG_ENABLE_OBJC_ARC = YES;
				CLANG_ENABLE_OBJC_WEAK = YES;
				CLANG_WARN_BLOCK_CAPTURE_AUTORELEASING = YES;
				CLANG_WARN_BOOL_CONVERSION = YES;
				CLANG_WARN_COMMA = YES;
				CLANG_WARN_CONSTANT_CONVERSION = YES;
				CLANG_WARN_DEPRECATED_OBJC_IMPLEMENTATIONS = YES;
				CLANG_WARN_DIRECT_OBJC_ISA_USAGE = YES_ERROR;
				CLANG_WARN_DOCUMENTATION_COMMENTS = YES;
				CLANG_WARN_EMPTY_BODY = YES;
				CLANG_WARN_ENUM_CONVERSION = YES;
				CLANG_WARN_INFINITE_RECURSION = YES;
				CLANG_WARN_INT_CONVERSION = YES;
				CLANG_WARN_NON_LITERAL_NULL_CONVERSION = YES;
				CLANG_WARN_OBJC_IMPLICIT_RETAIN_SELF = YES;
				CLANG_WARN_OBJC_LITERAL_CONVERSION = YES;
				CLANG_WARN_OBJC_ROOT_CLASS = YES_ERROR;
				CLANG_WARN_QUOTED_INCLUDE_IN_FRAMEWORK_HEADER = YES;
				CLANG_WARN_RANGE_LOOP_ANALYSIS = YES;
				CLANG_WARN_STRICT_PROTOTYPES = YES;
				CLANG_WARN_SUSPICIOUS_MOVE = YES;
				CLANG_WARN_UNGUARDED_AVAILABILITY = YES_AGGRESSIVE;
				CLANG_WARN_UNREACHABLE_CODE = YES;
				CLANG_WARN__DUPLICATE_METHOD_MATCH = YES;
				COPY_PHASE_STRIP = NO;
				DEBUG_INFORMATION_FORMAT = "dwarf-with-dsym";
				ENABLE_NS_ASSERTIONS = NO;
				ENABLE_STRICT_OBJC_MSGSEND = YES;
				GCC_C_LANGUAGE_STANDARD = gnu11;
				GCC_NO_COMMON_BLOCKS = YES;
				GCC_WARN_64_TO_32_BIT_CONVERSION = YES;
				GCC_WARN_ABOUT_RETURN_TYPE = YES_ERROR;
				GCC_WARN_UNDECLARED_SELECTOR = YES;
				GCC_WARN_UNINITIALIZED_AUTOS = YES_AGGRESSIVE;
				GCC_WARN_UNUSED_FUNCTION = YES;
				GCC_WARN_UNUSED_VARIABLE = YES;
				IPHONEOS_DEPLOYMENT_TARGET = 16.4;
				MTL_ENABLE_DEBUG_INFO = NO;
				MTL_FAST_MATH = YES;
				SDKROOT = iphoneos;
				SWIFT_COMPILATION_MODE = wholemodule;
				SWIFT_OPTIMIZATION_LEVEL = "-O";
				VALIDATE_PRODUCT = YES;
			};
			name = Release;
		};
		D91803432A61C1A30038B5A8 /* Debug */ = {
			isa = XCBuildConfiguration;
			buildSettings = {
				ASSETCATALOG_COMPILER_APPICON_NAME = AppIcon;
				ASSETCATALOG_COMPILER_GLOBAL_ACCENT_COLOR_NAME = AccentColor;
				CODE_SIGN_STYLE = Automatic;
				CURRENT_PROJECT_VERSION = 1;
				DEVELOPMENT_TEAM = K27J2FQ63C;
				GENERATE_INFOPLIST_FILE = YES;
				INFOPLIST_FILE = ExamShugiDenKou/Info.plist;
				INFOPLIST_KEY_UIApplicationSupportsIndirectInputEvents = YES;
				INFOPLIST_KEY_UILaunchStoryboardName = LaunchScreen;
				INFOPLIST_KEY_UIMainStoryboardFile = Main;
				INFOPLIST_KEY_UISupportedInterfaceOrientations_iPad = "UIInterfaceOrientationPortrait UIInterfaceOrientationPortraitUpsideDown UIInterfaceOrientationLandscapeLeft UIInterfaceOrientationLandscapeRight";
				INFOPLIST_KEY_UISupportedInterfaceOrientations_iPhone = "UIInterfaceOrientationPortrait UIInterfaceOrientationLandscapeLeft UIInterfaceOrientationLandscapeRight";
				LD_RUNPATH_SEARCH_PATHS = (
					"$(inherited)",
					"@executable_path/Frameworks",
				);
				MARKETING_VERSION = 1.0;
				PRODUCT_BUNDLE_IDENTIFIER = jp.co.manifold.ExamShugiDenKou;
				PRODUCT_NAME = "$(TARGET_NAME)";
				SWIFT_EMIT_LOC_STRINGS = YES;
				SWIFT_VERSION = 5.0;
				TARGETED_DEVICE_FAMILY = "1,2";
			};
			name = Debug;
		};
		D91803442A61C1A30038B5A8 /* Release */ = {
			isa = XCBuildConfiguration;
			buildSettings = {
				ASSETCATALOG_COMPILER_APPICON_NAME = AppIcon;
				ASSETCATALOG_COMPILER_GLOBAL_ACCENT_COLOR_NAME = AccentColor;
				CODE_SIGN_STYLE = Automatic;
				CURRENT_PROJECT_VERSION = 1;
				DEVELOPMENT_TEAM = K27J2FQ63C;
				GENERATE_INFOPLIST_FILE = YES;
				INFOPLIST_FILE = ExamShugiDenKou/Info.plist;
				INFOPLIST_KEY_UIApplicationSupportsIndirectInputEvents = YES;
				INFOPLIST_KEY_UILaunchStoryboardName = LaunchScreen;
				INFOPLIST_KEY_UIMainStoryboardFile = Main;
				INFOPLIST_KEY_UISupportedInterfaceOrientations_iPad = "UIInterfaceOrientationPortrait UIInterfaceOrientationPortraitUpsideDown UIInterfaceOrientationLandscapeLeft UIInterfaceOrientationLandscapeRight";
				INFOPLIST_KEY_UISupportedInterfaceOrientations_iPhone = "UIInterfaceOrientationPortrait UIInterfaceOrientationLandscapeLeft UIInterfaceOrientationLandscapeRight";
				LD_RUNPATH_SEARCH_PATHS = (
					"$(inherited)",
					"@executable_path/Frameworks",
				);
				MARKETING_VERSION = 1.0;
				PRODUCT_BUNDLE_IDENTIFIER = jp.co.manifold.ExamShugiDenKou;
				PRODUCT_NAME = "$(TARGET_NAME)";
				SWIFT_EMIT_LOC_STRINGS = YES;
				SWIFT_VERSION = 5.0;
				TARGETED_DEVICE_FAMILY = "1,2";
			};
			name = Release;
		};
/* End XCBuildConfiguration section */

/* Begin XCConfigurationList section */
		D91803292A61C1A00038B5A8 /* Build configuration list for PBXProject "ExamShugiDenKou" */ = {
			isa = XCConfigurationList;
			buildConfigurations = (
				D91803402A61C1A30038B5A8 /* Debug */,
				D91803412A61C1A30038B5A8 /* Release */,
			);
			defaultConfigurationIsVisible = 0;
			defaultConfigurationName = Release;
		};
		D91803422A61C1A30038B5A8 /* Build configuration list for PBXNativeTarget "ExamShugiDenKou" */ = {
			isa = XCConfigurationList;
			buildConfigurations = (
				D91803432A61C1A30038B5A8 /* Debug */,
				D91803442A61C1A30038B5A8 /* Release */,
			);
			defaultConfigurationIsVisible = 0;
			defaultConfigurationName = Release;
		};
/* End XCConfigurationList section */
	};
	rootObject = D91803262A61C1A00038B5A8 /* Project object */;
}
