{
  "pins" : [
    {
      "identity" : "cryptoswift",
      "kind" : "remoteSourceControl",
      "location" : "https://github.com/krzyzanowskim/CryptoSwift.git",
      "state" : {
        "revision" : "32f641cf24fc7abc1c591a2025e9f2f572648b0f",
        "version" : "1.7.2"
      }
    },
    {
      "identity" : "examlib_ios1",
      "kind" : "remoteSourceControl",
      "location" : "https://github.com/suhccarg/ExamLib_iOS1.git",
      "state" : {
        "branch" : "main",
        "revision" : "1c22782dda958d1159d491f862c0d58c130fa17f"
      }
    }
  ],
  "version" : 2
}
