{
  "pins" : [
    {
      "identity" : "cryptoswift",
      "kind" : "remoteSourceControl",
      "location" : "https://github.com/krzyzanowskim/CryptoSwift.git",
      "state" : {
        "revision" : "32f641cf24fc7abc1c591a2025e9f2f572648b0f",
        "version" : "1.7.2"
      }
    },
    {
      "identity" : "examlib_ios1",
      "kind" : "remoteSourceControl",
      "location" : "https://github.com/suhccarg/ExamLib_iOS1.git",
      "state" : {
        "branch" : "develop",
        "revision" : "5e82b59c87ba659b2051b094012e3c87d0211438"
      }
    }
  ],
  "version" : 2
}
